// !$*UTF8*$!
{
	archiveVersion = 1;
	classes = {
	};
	objectVersion = 56;
	objects = {

/* Begin PBXBuildFile section */
		B161BC202ADB958A00AABA48 /* as4sApp.swift in Sources */ = {isa = PBXBuildFile; fileRef = B161BC1F2ADB958A00AABA48 /* as4sApp.swift */; };
		B161BC222ADB958A00AABA48 /* as4sDocument.swift in Sources */ = {isa = PBXBuildFile; fileRef = B161BC212ADB958A00AABA48 /* as4sDocument.swift */; };
		B161BC242ADB958A00AABA48 /* ContentView.swift in Sources */ = {isa = PBXBuildFile; fileRef = B161BC232ADB958A00AABA48 /* ContentView.swift */; };
		B161BC262ADB958A00AABA48 /* Assets.xcassets in Resources */ = {isa = PBXBuildFile; fileRef = B161BC252ADB958A00AABA48 /* Assets.xcassets */; };
		B161BC2B2ADB958A00AABA48 /* Preview Assets.xcassets in Resources */ = {isa = PBXBuildFile; fileRef = B161BC2A2ADB958A00AABA48 /* Preview Assets.xcassets */; };
		B161BC352ADB958A00AABA48 /* as4sTests.swift in Sources */ = {isa = PBXBuildFile; fileRef = B161BC342ADB958A00AABA48 /* as4sTests.swift */; };
		B161BC3F2ADB958A00AABA48 /* as4sUITests.swift in Sources */ = {isa = PBXBuildFile; fileRef = B161BC3E2ADB958A00AABA48 /* as4sUITests.swift */; };
		B161BC412ADB958A00AABA48 /* as4sUITestsLaunchTests.swift in Sources */ = {isa = PBXBuildFile; fileRef = B161BC402ADB958A00AABA48 /* as4sUITestsLaunchTests.swift */; };
/* End PBXBuildFile section */

/* Begin PBXContainerItemProxy section */
		B161BC312ADB958A00AABA48 /* PBXContainerItemProxy */ = {
			isa = PBXContainerItemProxy;
			containerPortal = B161BC142ADB958900AABA48 /* Project object */;
			proxyType = 1;
			remoteGlobalIDString = B161BC1B2ADB958A00AABA48;
			remoteInfo = as4s;
		};
		B161BC3B2ADB958A00AABA48 /* PBXContainerItemProxy */ = {
			isa = PBXContainerItemProxy;
			containerPortal = B161BC142ADB958900AABA48 /* Project object */;
			proxyType = 1;
			remoteGlobalIDString = B161BC1B2ADB958A00AABA48;
			remoteInfo = as4s;
		};
/* End PBXContainerItemProxy section */

/* Begin PBXFileReference section */
		B161BC1C2ADB958A00AABA48 /* as4s.app */ = {isa = PBXFileReference; explicitFileType = wrapper.application; includeInIndex = 0; path = as4s.app; sourceTree = BUILT_PRODUCTS_DIR; };
		B161BC1F2ADB958A00AABA48 /* as4sApp.swift */ = {isa = PBXFileReference; lastKnownFileType = sourcecode.swift; path = as4sApp.swift; sourceTree = "<group>"; };
		B161BC212ADB958A00AABA48 /* as4sDocument.swift */ = {isa = PBXFileReference; lastKnownFileType = sourcecode.swift; path = as4sDocument.swift; sourceTree = "<group>"; };
		B161BC232ADB958A00AABA48 /* ContentView.swift */ = {isa = PBXFileReference; lastKnownFileType = sourcecode.swift; path = ContentView.swift; sourceTree = "<group>"; };
		B161BC252ADB958A00AABA48 /* Assets.xcassets */ = {isa = PBXFileReference; lastKnownFileType = folder.assetcatalog; path = Assets.xcassets; sourceTree = "<group>"; };
		B161BC272ADB958A00AABA48 /* Info.plist */ = {isa = PBXFileReference; lastKnownFileType = text.plist.xml; path = Info.plist; sourceTree = "<group>"; };
		B161BC282ADB958A00AABA48 /* as4s.entitlements */ = {isa = PBXFileReference; lastKnownFileType = text.plist.entitlements; path = as4s.entitlements; sourceTree = "<group>"; };
		B161BC2A2ADB958A00AABA48 /* Preview Assets.xcassets */ = {isa = PBXFileReference; lastKnownFileType = folder.assetcatalog; path = "Preview Assets.xcassets"; sourceTree = "<group>"; };
		B161BC302ADB958A00AABA48 /* as4sTests.xctest */ = {isa = PBXFileReference; explicitFileType = wrapper.cfbundle; includeInIndex = 0; path = as4sTests.xctest; sourceTree = BUILT_PRODUCTS_DIR; };
		B161BC342ADB958A00AABA48 /* as4sTests.swift */ = {isa = PBXFileReference; lastKnownFileType = sourcecode.swift; path = as4sTests.swift; sourceTree = "<group>"; };
		B161BC3A2ADB958A00AABA48 /* as4sUITests.xctest */ = {isa = PBXFileReference; explicitFileType = wrapper.cfbundle; includeInIndex = 0; path = as4sUITests.xctest; sourceTree = BUILT_PRODUCTS_DIR; };
		B161BC3E2ADB958A00AABA48 /* as4sUITests.swift */ = {isa = PBXFileReference; lastKnownFileType = sourcecode.swift; path = as4sUITests.swift; sourceTree = "<group>"; };
		B161BC402ADB958A00AABA48 /* as4sUITestsLaunchTests.swift */ = {isa = PBXFileReference; lastKnownFileType = sourcecode.swift; path = as4sUITestsLaunchTests.swift; sourceTree = "<group>"; };
/* End PBXFileReference section */

/* Begin PBXFrameworksBuildPhase section */
		B161BC192ADB958A00AABA48 /* Frameworks */ = {
			isa = PBXFrameworksBuildPhase;
			buildActionMask = 2147483647;
			files = (
			);
			runOnlyForDeploymentPostprocessing = 0;
		};
		B161BC2D2ADB958A00AABA48 /* Frameworks */ = {
			isa = PBXFrameworksBuildPhase;
			buildActionMask = 2147483647;
			files = (
			);
			runOnlyForDeploymentPostprocessing = 0;
		};
		B161BC372ADB958A00AABA48 /* Frameworks */ = {
			isa = PBXFrameworksBuildPhase;
			buildActionMask = 2147483647;
			files = (
			);
			runOnlyForDeploymentPostprocessing = 0;
		};
/* End PBXFrameworksBuildPhase section */

/* Begin PBXGroup section */
		B161BC132ADB958900AABA48 = {
			isa = PBXGroup;
			children = (
				B161BC1E2ADB958A00AABA48 /* as4s */,
				B161BC332ADB958A00AABA48 /* as4sTests */,
				B161BC3D2ADB958A00AABA48 /* as4sUITests */,
				B161BC1D2ADB958A00AABA48 /* Products */,
			);
			sourceTree = "<group>";
		};
		B161BC1D2ADB958A00AABA48 /* Products */ = {
			isa = PBXGroup;
			children = (
				B161BC1C2ADB958A00AABA48 /* as4s.app */,
				B161BC302ADB958A00AABA48 /* as4sTests.xctest */,
				B161BC3A2ADB958A00AABA48 /* as4sUITests.xctest */,
			);
			name = Products;
			sourceTree = "<group>";
		};
		B161BC1E2ADB958A00AABA48 /* as4s */ = {
			isa = PBXGroup;
			children = (
				B161BC1F2ADB958A00AABA48 /* as4sApp.swift */,
				B161BC212ADB958A00AABA48 /* as4sDocument.swift */,
				B161BC232ADB958A00AABA48 /* ContentView.swift */,
				B161BC252ADB958A00AABA48 /* Assets.xcassets */,
				B161BC272ADB958A00AABA48 /* Info.plist */,
				B161BC282ADB958A00AABA48 /* as4s.entitlements */,
				B161BC292ADB958A00AABA48 /* Preview Content */,
			);
			path = as4s;
			sourceTree = "<group>";
		};
		B161BC292ADB958A00AABA48 /* Preview Content */ = {
			isa = PBXGroup;
			children = (
				B161BC2A2ADB958A00AABA48 /* Preview Assets.xcassets */,
			);
			path = "Preview Content";
			sourceTree = "<group>";
		};
		B161BC332ADB958A00AABA48 /* as4sTests */ = {
			isa = PBXGroup;
			children = (
				B161BC342ADB958A00AABA48 /* as4sTests.swift */,
			);
			path = as4sTests;
			sourceTree = "<group>";
		};
		B161BC3D2ADB958A00AABA48 /* as4sUITests */ = {
			isa = PBXGroup;
			children = (
				B161BC3E2ADB958A00AABA48 /* as4sUITests.swift */,
				B161BC402ADB958A00AABA48 /* as4sUITestsLaunchTests.swift */,
			);
			path = as4sUITests;
			sourceTree = "<group>";
		};
/* End PBXGroup section */

/* Begin PBXNativeTarget section */
		B161BC1B2ADB958A00AABA48 /* as4s */ = {
			isa = PBXNativeTarget;
			buildConfigurationList = B161BC442ADB958A00AABA48 /* Build configuration list for PBXNativeTarget "as4s" */;
			buildPhases = (
				B161BC182ADB958A00AABA48 /* Sources */,
				B161BC192ADB958A00AABA48 /* Frameworks */,
				B161BC1A2ADB958A00AABA48 /* Resources */,
			);
			buildRules = (
			);
			dependencies = (
			);
			name = as4s;
			productName = as4s;
			productReference = B161BC1C2ADB958A00AABA48 /* as4s.app */;
			productType = "com.apple.product-type.application";
		};
		B161BC2F2ADB958A00AABA48 /* as4sTests */ = {
			isa = PBXNativeTarget;
			buildConfigurationList = B161BC472ADB958A00AABA48 /* Build configuration list for PBXNativeTarget "as4sTests" */;
			buildPhases = (
				B161BC2C2ADB958A00AABA48 /* Sources */,
				B161BC2D2ADB958A00AABA48 /* Frameworks */,
				B161BC2E2ADB958A00AABA48 /* Resources */,
			);
			buildRules = (
			);
			dependencies = (
				B161BC322ADB958A00AABA48 /* PBXTargetDependency */,
			);
			name = as4sTests;
			productName = as4sTests;
			productReference = B161BC302ADB958A00AABA48 /* as4sTests.xctest */;
			productType = "com.apple.product-type.bundle.unit-test";
		};
		B161BC392ADB958A00AABA48 /* as4sUITests */ = {
			isa = PBXNativeTarget;
			buildConfigurationList = B161BC4A2ADB958A00AABA48 /* Build configuration list for PBXNativeTarget "as4sUITests" */;
			buildPhases = (
				B161BC362ADB958A00AABA48 /* Sources */,
				B161BC372ADB958A00AABA48 /* Frameworks */,
				B161BC382ADB958A00AABA48 /* Resources */,
			);
			buildRules = (
			);
			dependencies = (
				B161BC3C2ADB958A00AABA48 /* PBXTargetDependency */,
			);
			name = as4sUITests;
			productName = as4sUITests;
			productReference = B161BC3A2ADB958A00AABA48 /* as4sUITests.xctest */;
			productType = "com.apple.product-type.bundle.ui-testing";
		};
/* End PBXNativeTarget section */

/* Begin PBXProject section */
		B161BC142ADB958900AABA48 /* Project object */ = {
			isa = PBXProject;
			attributes = {
				BuildIndependentTargetsInParallel = 1;
				LastSwiftUpdateCheck = 1500;
				LastUpgradeCheck = 1500;
				TargetAttributes = {
					B161BC1B2ADB958A00AABA48 = {
						CreatedOnToolsVersion = 15.0;
					};
					B161BC2F2ADB958A00AABA48 = {
						CreatedOnToolsVersion = 15.0;
						TestTargetID = B161BC1B2ADB958A00AABA48;
					};
					B161BC392ADB958A00AABA48 = {
						CreatedOnToolsVersion = 15.0;
						TestTargetID = B161BC1B2ADB958A00AABA48;
					};
				};
			};
			buildConfigurationList = B161BC172ADB958900AABA48 /* Build configuration list for PBXProject "as4s" */;
			compatibilityVersion = "Xcode 14.0";
			developmentRegion = en;
			hasScannedForEncodings = 0;
			knownRegions = (
				en,
				Base,
			);
			mainGroup = B161BC132ADB958900AABA48;
			productRefGroup = B161BC1D2ADB958A00AABA48 /* Products */;
			projectDirPath = "";
			projectRoot = "";
			targets = (
				B161BC1B2ADB958A00AABA48 /* as4s */,
				B161BC2F2ADB958A00AABA48 /* as4sTests */,
				B161BC392ADB958A00AABA48 /* as4sUITests */,
			);
		};
/* End PBXProject section */

/* Begin PBXResourcesBuildPhase section */
		B161BC1A2ADB958A00AABA48 /* Resources */ = {
			isa = PBXResourcesBuildPhase;
			buildActionMask = 2147483647;
			files = (
				B161BC2B2ADB958A00AABA48 /* Preview Assets.xcassets in Resources */,
				B161BC262ADB958A00AABA48 /* Assets.xcassets in Resources */,
			);
			runOnlyForDeploymentPostprocessing = 0;
		};
		B161BC2E2ADB958A00AABA48 /* Resources */ = {
			isa = PBXResourcesBuildPhase;
			buildActionMask = 2147483647;
			files = (
			);
			runOnlyForDeploymentPostprocessing = 0;
		};
		B161BC382ADB958A00AABA48 /* Resources */ = {
			isa = PBXResourcesBuildPhase;
			buildActionMask = 2147483647;
			files = (
			);
			runOnlyForDeploymentPostprocessing = 0;
		};
/* End PBXResourcesBuildPhase section */

/* Begin PBXSourcesBuildPhase section */
		B161BC182ADB958A00AABA48 /* Sources */ = {
			isa = PBXSourcesBuildPhase;
			buildActionMask = 2147483647;
			files = (
				B161BC202ADB958A00AABA48 /* as4sApp.swift in Sources */,
				B161BC222ADB958A00AABA48 /* as4sDocument.swift in Sources */,
				B161BC242ADB958A00AABA48 /* ContentView.swift in Sources */,
			);
			runOnlyForDeploymentPostprocessing = 0;
		};
		B161BC2C2ADB958A00AABA48 /* Sources */ = {
			isa = PBXSourcesBuildPhase;
			buildActionMask = 2147483647;
			files = (
				B161BC352ADB958A00AABA48 /* as4sTests.swift in Sources */,
			);
			runOnlyForDeploymentPostprocessing = 0;
		};
		B161BC362ADB958A00AABA48 /* Sources */ = {
			isa = PBXSourcesBuildPhase;
			buildActionMask = 2147483647;
			files = (
				B161BC3F2ADB958A00AABA48 /* as4sUITests.swift in Sources */,
				B161BC412ADB958A00AABA48 /* as4sUITestsLaunchTests.swift in Sources */,
			);
			runOnlyForDeploymentPostprocessing = 0;
		};
/* End PBXSourcesBuildPhase section */

/* Begin PBXTargetDependency section */
		B161BC322ADB958A00AABA48 /* PBXTargetDependency */ = {
			isa = PBXTargetDependency;
			target = B161BC1B2ADB958A00AABA48 /* as4s */;
			targetProxy = B161BC312ADB958A00AABA48 /* PBXContainerItemProxy */;
		};
		B161BC3C2ADB958A00AABA48 /* PBXTargetDependency */ = {
			isa = PBXTargetDependency;
			target = B161BC1B2ADB958A00AABA48 /* as4s */;
			targetProxy = B161BC3B2ADB958A00AABA48 /* PBXContainerItemProxy */;
		};
/* End PBXTargetDependency section */

/* Begin XCBuildConfiguration section */
		B161BC422ADB958A00AABA48 /* Debug */ = {
			isa = XCBuildConfiguration;
			buildSettings = {
				ALWAYS_SEARCH_USER_PATHS = NO;
				ASSETCATALOG_COMPILER_GENERATE_SWIFT_ASSET_SYMBOL_EXTENSIONS = YES;
				CLANG_ANALYZER_NONNULL = YES;
				CLANG_ANALYZER_NUMBER_OBJECT_CONVERSION = YES_AGGRESSIVE;
				CLANG_CXX_LANGUAGE_STANDARD = "gnu++20";
				CLANG_ENABLE_MODULES = YES;
				CLANG_ENABLE_OBJC_ARC = YES;
				CLANG_ENABLE_OBJC_WEAK = YES;
				CLANG_WARN_BLOCK_CAPTURE_AUTORELEASING = YES;
				CLANG_WARN_BOOL_CONVERSION = YES;
				CLANG_WARN_COMMA = YES;
				CLANG_WARN_CONSTANT_CONVERSION = YES;
				CLANG_WARN_DEPRECATED_OBJC_IMPLEMENTATIONS = YES;
				CLANG_WARN_DIRECT_OBJC_ISA_USAGE = YES_ERROR;
				CLANG_WARN_DOCUMENTATION_COMMENTS = YES;
				CLANG_WARN_EMPTY_BODY = YES;
				CLANG_WARN_ENUM_CONVERSION = YES;
				CLANG_WARN_INFINITE_RECURSION = YES;
				CLANG_WARN_INT_CONVERSION = YES;
				CLANG_WARN_NON_LITERAL_NULL_CONVERSION = YES;
				CLANG_WARN_OBJC_IMPLICIT_RETAIN_SELF = YES;
				CLANG_WARN_OBJC_LITERAL_CONVERSION = YES;
				CLANG_WARN_OBJC_ROOT_CLASS = YES_ERROR;
				CLANG_WARN_QUOTED_INCLUDE_IN_FRAMEWORK_HEADER = YES;
				CLANG_WARN_RANGE_LOOP_ANALYSIS = YES;
				CLANG_WARN_STRICT_PROTOTYPES = YES;
				CLANG_WARN_SUSPICIOUS_MOVE = YES;
				CLANG_WARN_UNGUARDED_AVAILABILITY = YES_AGGRESSIVE;
				CLANG_WARN_UNREACHABLE_CODE = YES;
				CLANG_WARN__DUPLICATE_METHOD_MATCH = YES;
				COPY_PHASE_STRIP = NO;
				DEBUG_INFORMATION_FORMAT = dwarf;
				ENABLE_STRICT_OBJC_MSGSEND = YES;
				ENABLE_TESTABILITY = YES;
				ENABLE_USER_SCRIPT_SANDBOXING = YES;
				GCC_C_LANGUAGE_STANDARD = gnu17;
				GCC_DYNAMIC_NO_PIC = NO;
				GCC_NO_COMMON_BLOCKS = YES;
				GCC_OPTIMIZATION_LEVEL = 0;
				GCC_PREPROCESSOR_DEFINITIONS = (
					"DEBUG=1",
					"$(inherited)",
				);
				GCC_WARN_64_TO_32_BIT_CONVERSION = YES;
				GCC_WARN_ABOUT_RETURN_TYPE = YES_ERROR;
				GCC_WARN_UNDECLARED_SELECTOR = YES;
				GCC_WARN_UNINITIALIZED_AUTOS = YES_AGGRESSIVE;
				GCC_WARN_UNUSED_FUNCTION = YES;
				GCC_WARN_UNUSED_VARIABLE = YES;
				LOCALIZATION_PREFERS_STRING_CATALOGS = YES;
				MTL_ENABLE_DEBUG_INFO = INCLUDE_SOURCE;
				MTL_FAST_MATH = YES;
				ONLY_ACTIVE_ARCH = YES;
				SWIFT_ACTIVE_COMPILATION_CONDITIONS = "DEBUG $(inherited)";
				SWIFT_OPTIMIZATION_LEVEL = "-Onone";
			};
			name = Debug;
		};
		B161BC432ADB958A00AABA48 /* Release */ = {
			isa = XCBuildConfiguration;
			buildSettings = {
				ALWAYS_SEARCH_USER_PATHS = NO;
				ASSETCATALOG_COMPILER_GENERATE_SWIFT_ASSET_SYMBOL_EXTENSIONS = YES;
				CLANG_ANALYZER_NONNULL = YES;
				CLANG_ANALYZER_NUMBER_OBJECT_CONVERSION = YES_AGGRESSIVE;
				CLANG_CXX_LANGUAGE_STANDARD = "gnu++20";
				CLANG_ENABLE_MODULES = YES;
				CLANG_ENABLE_OBJC_ARC = YES;
				CLANG_ENABLE_OBJC_WEAK = YES;
				CLANG_WARN_BLOCK_CAPTURE_AUTORELEASING = YES;
				CLANG_WARN_BOOL_CONVERSION = YES;
				CLANG_WARN_COMMA = YES;
				CLANG_WARN_CONSTANT_CONVERSION = YES;
				CLANG_WARN_DEPRECATED_OBJC_IMPLEMENTATIONS = YES;
				CLANG_WARN_DIRECT_OBJC_ISA_USAGE = YES_ERROR;
				CLANG_WARN_DOCUMENTATION_COMMENTS = YES;
				CLANG_WARN_EMPTY_BODY = YES;
				CLANG_WARN_ENUM_CONVERSION = YES;
				CLANG_WARN_INFINITE_RECURSION = YES;
				CLANG_WARN_INT_CONVERSION = YES;
				CLANG_WARN_NON_LITERAL_NULL_CONVERSION = YES;
				CLANG_WARN_OBJC_IMPLICIT_RETAIN_SELF = YES;
				CLANG_WARN_OBJC_LITERAL_CONVERSION = YES;
				CLANG_WARN_OBJC_ROOT_CLASS = YES_ERROR;
				CLANG_WARN_QUOTED_INCLUDE_IN_FRAMEWORK_HEADER = YES;
				CLANG_WARN_RANGE_LOOP_ANALYSIS = YES;
				CLANG_WARN_STRICT_PROTOTYPES = YES;
				CLANG_WARN_SUSPICIOUS_MOVE = YES;
				CLANG_WARN_UNGUARDED_AVAILABILITY = YES_AGGRESSIVE;
				CLANG_WARN_UNREACHABLE_CODE = YES;
				CLANG_WARN__DUPLICATE_METHOD_MATCH = YES;
				COPY_PHASE_STRIP = NO;
				DEBUG_INFORMATION_FORMAT = "dwarf-with-dsym";
				ENABLE_NS_ASSERTIONS = NO;
				ENABLE_STRICT_OBJC_MSGSEND = YES;
				ENABLE_USER_SCRIPT_SANDBOXING = YES;
				GCC_C_LANGUAGE_STANDARD = gnu17;
				GCC_NO_COMMON_BLOCKS = YES;
				GCC_WARN_64_TO_32_BIT_CONVERSION = YES;
				GCC_WARN_ABOUT_RETURN_TYPE = YES_ERROR;
				GCC_WARN_UNDECLARED_SELECTOR = YES;
				GCC_WARN_UNINITIALIZED_AUTOS = YES_AGGRESSIVE;
				GCC_WARN_UNUSED_FUNCTION = YES;
				GCC_WARN_UNUSED_VARIABLE = YES;
				LOCALIZATION_PREFERS_STRING_CATALOGS = YES;
				MTL_ENABLE_DEBUG_INFO = NO;
				MTL_FAST_MATH = YES;
				SWIFT_COMPILATION_MODE = wholemodule;
			};
			name = Release;
		};
		B161BC452ADB958A00AABA48 /* Debug */ = {
			isa = XCBuildConfiguration;
			buildSettings = {
				ASSETCATALOG_COMPILER_APPICON_NAME = AppIcon;
				ASSETCATALOG_COMPILER_GLOBAL_ACCENT_COLOR_NAME = AccentColor;
				CODE_SIGN_ENTITLEMENTS = as4s/as4s.entitlements;
				CODE_SIGN_STYLE = Automatic;
				CURRENT_PROJECT_VERSION = 1;
				DEVELOPMENT_ASSET_PATHS = "\"as4s/Preview Content\"";
				DEVELOPMENT_TEAM = LL8ZJMX4Z8;
				ENABLE_HARDENED_RUNTIME = YES;
				ENABLE_PREVIEWS = YES;
				GENERATE_INFOPLIST_FILE = YES;
				INFOPLIST_FILE = as4s/Info.plist;
				"INFOPLIST_KEY_UIApplicationSceneManifest_Generation[sdk=iphoneos*]" = YES;
				"INFOPLIST_KEY_UIApplicationSceneManifest_Generation[sdk=iphonesimulator*]" = YES;
				"INFOPLIST_KEY_UIApplicationSupportsIndirectInputEvents[sdk=iphoneos*]" = YES;
				"INFOPLIST_KEY_UIApplicationSupportsIndirectInputEvents[sdk=iphonesimulator*]" = YES;
				"INFOPLIST_KEY_UILaunchScreen_Generation[sdk=iphoneos*]" = YES;
				"INFOPLIST_KEY_UILaunchScreen_Generation[sdk=iphonesimulator*]" = YES;
				"INFOPLIST_KEY_UIStatusBarStyle[sdk=iphoneos*]" = UIStatusBarStyleDefault;
				"INFOPLIST_KEY_UIStatusBarStyle[sdk=iphonesimulator*]" = UIStatusBarStyleDefault;
				INFOPLIST_KEY_UISupportedInterfaceOrientations_iPad = "UIInterfaceOrientationPortrait UIInterfaceOrientationPortraitUpsideDown UIInterfaceOrientationLandscapeLeft UIInterfaceOrientationLandscapeRight";
				INFOPLIST_KEY_UISupportedInterfaceOrientations_iPhone = "UIInterfaceOrientationPortrait UIInterfaceOrientationLandscapeLeft UIInterfaceOrientationLandscapeRight";
				"INFOPLIST_KEY_UISupportsDocumentBrowser[sdk=iphoneos*]" = YES;
				"INFOPLIST_KEY_UISupportsDocumentBrowser[sdk=iphonesimulator*]" = YES;
				IPHONEOS_DEPLOYMENT_TARGET = 17.0;
				LD_RUNPATH_SEARCH_PATHS = "@executable_path/Frameworks";
				"LD_RUNPATH_SEARCH_PATHS[sdk=macosx*]" = "@executable_path/../Frameworks";
				MACOSX_DEPLOYMENT_TARGET = 14.0;
				MARKETING_VERSION = 1.0;
				PRODUCT_BUNDLE_IDENTIFIER = rfst.jp.as4s;
				PRODUCT_NAME = "$(TARGET_NAME)";
				SDKROOT = auto;
				SUPPORTED_PLATFORMS = "iphoneos iphonesimulator macosx";
				SWIFT_EMIT_LOC_STRINGS = YES;
				SWIFT_VERSION = 5.0;
				TARGETED_DEVICE_FAMILY = "1,2";
			};
			name = Debug;
		};
		B161BC462ADB958A00AABA48 /* Release */ = {
			isa = XCBuildConfiguration;
			buildSettings = {
				ASSETCATALOG_COMPILER_APPICON_NAME = AppIcon;
				ASSETCATALOG_COMPILER_GLOBAL_ACCENT_COLOR_NAME = AccentColor;
				CODE_SIGN_ENTITLEMENTS = as4s/as4s.entitlements;
				CODE_SIGN_STYLE = Automatic;
				CURRENT_PROJECT_VERSION = 1;
				DEVELOPMENT_ASSET_PATHS = "\"as4s/Preview Content\"";
				DEVELOPMENT_TEAM = LL8ZJMX4Z8;
				ENABLE_HARDENED_RUNTIME = YES;
				ENABLE_PREVIEWS = YES;
				GENERATE_INFOPLIST_FILE = YES;
				INFOPLIST_FILE = as4s/Info.plist;
				"INFOPLIST_KEY_UIApplicationSceneManifest_Generation[sdk=iphoneos*]" = YES;
				"INFOPLIST_KEY_UIApplicationSceneManifest_Generation[sdk=iphonesimulator*]" = YES;
				"INFOPLIST_KEY_UIApplicationSupportsIndirectInputEvents[sdk=iphoneos*]" = YES;
				"INFOPLIST_KEY_UIApplicationSupportsIndirectInputEvents[sdk=iphonesimulator*]" = YES;
				"INFOPLIST_KEY_UILaunchScreen_Generation[sdk=iphoneos*]" = YES;
				"INFOPLIST_KEY_UILaunchScreen_Generation[sdk=iphonesimulator*]" = YES;
				"INFOPLIST_KEY_UIStatusBarStyle[sdk=iphoneos*]" = UIStatusBarStyleDefault;
				"INFOPLIST_KEY_UIStatusBarStyle[sdk=iphonesimulator*]" = UIStatusBarStyleDefault;
				INFOPLIST_KEY_UISupportedInterfaceOrientations_iPad = "UIInterfaceOrientationPortrait UIInterfaceOrientationPortraitUpsideDown UIInterfaceOrientationLandscapeLeft UIInterfaceOrientationLandscapeRight";
				INFOPLIST_KEY_UISupportedInterfaceOrientations_iPhone = "UIInterfaceOrientationPortrait UIInterfaceOrientationLandscapeLeft UIInterfaceOrientationLandscapeRight";
				"INFOPLIST_KEY_UISupportsDocumentBrowser[sdk=iphoneos*]" = YES;
				"INFOPLIST_KEY_UISupportsDocumentBrowser[sdk=iphonesimulator*]" = YES;
				IPHONEOS_DEPLOYMENT_TARGET = 17.0;
				LD_RUNPATH_SEARCH_PATHS = "@executable_path/Frameworks";
				"LD_RUNPATH_SEARCH_PATHS[sdk=macosx*]" = "@executable_path/../Frameworks";
				MACOSX_DEPLOYMENT_TARGET = 14.0;
				MARKETING_VERSION = 1.0;
				PRODUCT_BUNDLE_IDENTIFIER = rfst.jp.as4s;
				PRODUCT_NAME = "$(TARGET_NAME)";
				SDKROOT = auto;
				SUPPORTED_PLATFORMS = "iphoneos iphonesimulator macosx";
				SWIFT_EMIT_LOC_STRINGS = YES;
				SWIFT_VERSION = 5.0;
				TARGETED_DEVICE_FAMILY = "1,2";
			};
			name = Release;
		};
		B161BC482ADB958A00AABA48 /* Debug */ = {
			isa = XCBuildConfiguration;
			buildSettings = {
				ALWAYS_EMBED_SWIFT_STANDARD_LIBRARIES = YES;
				BUNDLE_LOADER = "$(TEST_HOST)";
				CODE_SIGN_STYLE = Automatic;
				CURRENT_PROJECT_VERSION = 1;
				DEVELOPMENT_TEAM = LL8ZJMX4Z8;
				GENERATE_INFOPLIST_FILE = YES;
				IPHONEOS_DEPLOYMENT_TARGET = 17.0;
				MACOSX_DEPLOYMENT_TARGET = 14.0;
				MARKETING_VERSION = 1.0;
				PRODUCT_BUNDLE_IDENTIFIER = rfst.jp.as4sTests;
				PRODUCT_NAME = "$(TARGET_NAME)";
				SDKROOT = auto;
				SUPPORTED_PLATFORMS = "iphoneos iphonesimulator macosx";
				SWIFT_EMIT_LOC_STRINGS = NO;
				SWIFT_VERSION = 5.0;
				TARGETED_DEVICE_FAMILY = "1,2";
				TEST_HOST = "$(BUILT_PRODUCTS_DIR)/as4s.app/$(BUNDLE_EXECUTABLE_FOLDER_PATH)/as4s";
			};
			name = Debug;
		};
		B161BC492ADB958A00AABA48 /* Release */ = {
			isa = XCBuildConfiguration;
			buildSettings = {
				ALWAYS_EMBED_SWIFT_STANDARD_LIBRARIES = YES;
				BUNDLE_LOADER = "$(TEST_HOST)";
				CODE_SIGN_STYLE = Automatic;
				CURRENT_PROJECT_VERSION = 1;
				DEVELOPMENT_TEAM = LL8ZJMX4Z8;
				GENERATE_INFOPLIST_FILE = YES;
				IPHONEOS_DEPLOYMENT_TARGET = 17.0;
				MACOSX_DEPLOYMENT_TARGET = 14.0;
				MARKETING_VERSION = 1.0;
				PRODUCT_BUNDLE_IDENTIFIER = rfst.jp.as4sTests;
				PRODUCT_NAME = "$(TARGET_NAME)";
				SDKROOT = auto;
				SUPPORTED_PLATFORMS = "iphoneos iphonesimulator macosx";
				SWIFT_EMIT_LOC_STRINGS = NO;
				SWIFT_VERSION = 5.0;
				TARGETED_DEVICE_FAMILY = "1,2";
				TEST_HOST = "$(BUILT_PRODUCTS_DIR)/as4s.app/$(BUNDLE_EXECUTABLE_FOLDER_PATH)/as4s";
			};
			name = Release;
		};
		B161BC4B2ADB958A00AABA48 /* Debug */ = {
			isa = XCBuildConfiguration;
			buildSettings = {
				ALWAYS_EMBED_SWIFT_STANDARD_LIBRARIES = YES;
				CODE_SIGN_STYLE = Automatic;
				CURRENT_PROJECT_VERSION = 1;
				DEVELOPMENT_TEAM = LL8ZJMX4Z8;
				GENERATE_INFOPLIST_FILE = YES;
				IPHONEOS_DEPLOYMENT_TARGET = 17.0;
				MACOSX_DEPLOYMENT_TARGET = 14.0;
				MARKETING_VERSION = 1.0;
				PRODUCT_BUNDLE_IDENTIFIER = rfst.jp.as4sUITests;
				PRODUCT_NAME = "$(TARGET_NAME)";
				SDKROOT = auto;
				SUPPORTED_PLATFORMS = "iphoneos iphonesimulator macosx";
				SWIFT_EMIT_LOC_STRINGS = NO;
				SWIFT_VERSION = 5.0;
				TARGETED_DEVICE_FAMILY = "1,2";
				TEST_TARGET_NAME = as4s;
			};
			name = Debug;
		};
		B161BC4C2ADB958A00AABA48 /* Release */ = {
			isa = XCBuildConfiguration;
			buildSettings = {
				ALWAYS_EMBED_SWIFT_STANDARD_LIBRARIES = YES;
				CODE_SIGN_STYLE = Automatic;
				CURRENT_PROJECT_VERSION = 1;
				DEVELOPMENT_TEAM = LL8ZJMX4Z8;
				GENERATE_INFOPLIST_FILE = YES;
				IPHONEOS_DEPLOYMENT_TARGET = 17.0;
				MACOSX_DEPLOYMENT_TARGET = 14.0;
				MARKETING_VERSION = 1.0;
				PRODUCT_BUNDLE_IDENTIFIER = rfst.jp.as4sUITests;
				PRODUCT_NAME = "$(TARGET_NAME)";
				SDKROOT = auto;
				SUPPORTED_PLATFORMS = "iphoneos iphonesimulator macosx";
				SWIFT_EMIT_LOC_STRINGS = NO;
				SWIFT_VERSION = 5.0;
				TARGETED_DEVICE_FAMILY = "1,2";
				TEST_TARGET_NAME = as4s;
			};
			name = Release;
		};
/* End XCBuildConfiguration section */

/* Begin XCConfigurationList section */
		B161BC172ADB958900AABA48 /* Build configuration list for PBXProject "as4s" */ = {
			isa = XCConfigurationList;
			buildConfigurations = (
				B161BC422ADB958A00AABA48 /* Debug */,
				B161BC432ADB958A00AABA48 /* Release */,
			);
			defaultConfigurationIsVisible = 0;
			defaultConfigurationName = Release;
		};
		B161BC442ADB958A00AABA48 /* Build configuration list for PBXNativeTarget "as4s" */ = {
			isa = XCConfigurationList;
			buildConfigurations = (
				B161BC452ADB958A00AABA48 /* Debug */,
				B161BC462ADB958A00AABA48 /* Release */,
			);
			defaultConfigurationIsVisible = 0;
			defaultConfigurationName = Release;
		};
		B161BC472ADB958A00AABA48 /* Build configuration list for PBXNativeTarget "as4sTests" */ = {
			isa = XCConfigurationList;
			buildConfigurations = (
				B161BC482ADB958A00AABA48 /* Debug */,
				B161BC492ADB958A00AABA48 /* Release */,
			);
			defaultConfigurationIsVisible = 0;
			defaultConfigurationName = Release;
		};
		B161BC4A2ADB958A00AABA48 /* Build configuration list for PBXNativeTarget "as4sUITests" */ = {
			isa = XCConfigurationList;
			buildConfigurations = (
				B161BC4B2ADB958A00AABA48 /* Debug */,
				B161BC4C2ADB958A00AABA48 /* Release */,
			);
			defaultConfigurationIsVisible = 0;
			defaultConfigurationName = Release;
		};
/* End XCConfigurationList section */
	};
	rootObject = B161BC142ADB958900AABA48 /* Project object */;
}
