// !$*UTF8*$!
{
	archiveVersion = 1;
	classes = {
	};
	objectVersion = 60;
	objects = {

/* Begin PBXBuildFile section */
		B1077D652B35C3FD00938518 /* MakeBeamView.swift in Sources */ = {isa = PBXBuildFile; fileRef = B1077D642B35C3FD00938518 /* MakeBeamView.swift */; };
		B1077D672B35C42400938518 /* InputFloatValueField.swift in Sources */ = {isa = PBXBuildFile; fileRef = B1077D662B35C42400938518 /* InputFloatValueField.swift */; };
		B1077D692B35E47B00938518 /* InformationText.swift in Sources */ = {isa = PBXBuildFile; fileRef = B1077D682B35E47B00938518 /* InformationText.swift */; };
		B1077D6B2B35E4D500938518 /* SampleText.swift in Sources */ = {isa = PBXBuildFile; fileRef = B1077D6A2B35E4D500938518 /* SampleText.swift */; };
		B12324272B31CC5500E8D6B0 /* ObjectInspector.swift in Sources */ = {isa = PBXBuildFile; fileRef = B12324262B31CC5500E8D6B0 /* ObjectInspector.swift */; };
		B123242A2B31D2E500E8D6B0 /* NodeInspector.swift in Sources */ = {isa = PBXBuildFile; fileRef = B12324292B31D2E500E8D6B0 /* NodeInspector.swift */; };
		B124ADDD2B06429100AE5429 /* Color+Extensions.swift in Sources */ = {isa = PBXBuildFile; fileRef = B124ADDC2B06429100AE5429 /* Color+Extensions.swift */; };
		B12AD6412B16153400D4D315 /* GraphicController.swift in Sources */ = {isa = PBXBuildFile; fileRef = B12AD6402B16153400D4D315 /* GraphicController.swift */; };
		B12AD6812B1950A800D4D315 /* TestModel.txt in Resources */ = {isa = PBXBuildFile; fileRef = B12AD6802B1950A800D4D315 /* TestModel.txt */; };
		B1372C7F2B05CE65000293D4 /* Config.swift in Sources */ = {isa = PBXBuildFile; fileRef = B1372C7E2B05CE65000293D4 /* Config.swift */; };
		B13AED962B2C26430028B410 /* ModelView.swift in Sources */ = {isa = PBXBuildFile; fileRef = B13AED952B2C26430028B410 /* ModelView.swift */; };
		B1424E4E2B29CF1600F9A22C /* OpenSeesCoder in Frameworks */ = {isa = PBXBuildFile; productRef = B1424E4D2B29CF1600F9A22C /* OpenSeesCoder */; };
		B1424E502B29D28B00F9A22C /* Renderable.swift in Sources */ = {isa = PBXBuildFile; fileRef = B1424E4F2B29D28B00F9A22C /* Renderable.swift */; };
		B1424E522B29DFD400F9A22C /* CrossSection.swift in Sources */ = {isa = PBXBuildFile; fileRef = B1424E512B29DFD400F9A22C /* CrossSection.swift */; };
		B1424E542B29E05F00F9A22C /* Transformation.swift in Sources */ = {isa = PBXBuildFile; fileRef = B1424E532B29E05F00F9A22C /* Transformation.swift */; };
		B1424E562B29E09800F9A22C /* Mass.swift in Sources */ = {isa = PBXBuildFile; fileRef = B1424E552B29E09800F9A22C /* Mass.swift */; };
		B1424E5C2B2A0C5700F9A22C /* Selectable.swift in Sources */ = {isa = PBXBuildFile; fileRef = B1424E5B2B2A0C5700F9A22C /* Selectable.swift */; };
		B1424E5E2B2A0D9D00F9A22C /* ElasticSection.swift in Sources */ = {isa = PBXBuildFile; fileRef = B1424E5D2B2A0D9D00F9A22C /* ElasticSection.swift */; };
		B14AC22C2B34850000282CE0 /* MakeNodeView.swift in Sources */ = {isa = PBXBuildFile; fileRef = B14AC22B2B34850000282CE0 /* MakeNodeView.swift */; };
		B14AC22E2B348B2F00282CE0 /* InfoView.swift in Sources */ = {isa = PBXBuildFile; fileRef = B14AC22D2B348B2F00282CE0 /* InfoView.swift */; };
		B14AC2312B353A3A00282CE0 /* SplitView in Frameworks */ = {isa = PBXBuildFile; productRef = B14AC2302B353A3A00282CE0 /* SplitView */; };
		B14AC2342B3553B500282CE0 /* InfoSecondaryToolbar.swift in Sources */ = {isa = PBXBuildFile; fileRef = B14AC2332B3553B500282CE0 /* InfoSecondaryToolbar.swift */; };
		B14AC2362B35543B00282CE0 /* InfoPrimaryToolbar.swift in Sources */ = {isa = PBXBuildFile; fileRef = B14AC2352B35543B00282CE0 /* InfoPrimaryToolbar.swift */; };
		B14AC2382B35552B00282CE0 /* Detail.swift in Sources */ = {isa = PBXBuildFile; fileRef = B14AC2372B35552B00282CE0 /* Detail.swift */; };
		B14AC23A2B3557A000282CE0 /* MVCViewRepresentable.swift in Sources */ = {isa = PBXBuildFile; fileRef = B14AC2392B3557A000282CE0 /* MVCViewRepresentable.swift */; };
		B14AC23C2B355A6100282CE0 /* Colors.xcassets in Resources */ = {isa = PBXBuildFile; fileRef = B14AC23B2B355A6100282CE0 /* Colors.xcassets */; };
		B14AC23E2B35624100282CE0 /* LabeledScaler.swift in Sources */ = {isa = PBXBuildFile; fileRef = B14AC23D2B35624100282CE0 /* LabeledScaler.swift */; };
		B14AC2422B3582FC00282CE0 /* CommandTabView.swift in Sources */ = {isa = PBXBuildFile; fileRef = B14AC2412B3582FC00282CE0 /* CommandTabView.swift */; };
		B14E2E3D2B2DBB600032AE30 /* ModelViewCoordinator.swift in Sources */ = {isa = PBXBuildFile; fileRef = B14E2E3C2B2DBB600032AE30 /* ModelViewCoordinator.swift */; };
		B14E2E3F2B2DC71D0032AE30 /* Sidebar.swift in Sources */ = {isa = PBXBuildFile; fileRef = B14E2E3E2B2DC71D0032AE30 /* Sidebar.swift */; };
		B14E2E432B2E95EF0032AE30 /* ModelLayer.swift in Sources */ = {isa = PBXBuildFile; fileRef = B14E2E422B2E95EF0032AE30 /* ModelLayer.swift */; };
		B14E2E452B2E9F5D0032AE30 /* ForceLayer.swift in Sources */ = {isa = PBXBuildFile; fileRef = B14E2E442B2E9F5D0032AE30 /* ForceLayer.swift */; };
		B14E2E472B2E9F7B0032AE30 /* LoadLayer.swift in Sources */ = {isa = PBXBuildFile; fileRef = B14E2E462B2E9F7B0032AE30 /* LoadLayer.swift */; };
		B14E2E492B2E9F8F0032AE30 /* CaptionLayer.swift in Sources */ = {isa = PBXBuildFile; fileRef = B14E2E482B2E9F8F0032AE30 /* CaptionLayer.swift */; };
		B14E2E4E2B2EAAF20032AE30 /* ModelCommands.swift in Sources */ = {isa = PBXBuildFile; fileRef = B14E2E4D2B2EAAF20032AE30 /* ModelCommands.swift */; };
		B14E2E5B2B2EEDEF0032AE30 /* BeamGeometry.swift in Sources */ = {isa = PBXBuildFile; fileRef = B14E2E5A2B2EEDEF0032AE30 /* BeamGeometry.swift */; };
		B14E2E5D2B2F1D440032AE30 /* NodeGeometry.swift in Sources */ = {isa = PBXBuildFile; fileRef = B14E2E5C2B2F1D440032AE30 /* NodeGeometry.swift */; };
		B14E2E5F2B2F1D8E0032AE30 /* Geometry.swift in Sources */ = {isa = PBXBuildFile; fileRef = B14E2E5E2B2F1D8E0032AE30 /* Geometry.swift */; };
		B14E2E612B2F1F2C0032AE30 /* NodalLoadGeometry.swift in Sources */ = {isa = PBXBuildFile; fileRef = B14E2E602B2F1F2C0032AE30 /* NodalLoadGeometry.swift */; };
		B161BC202ADB958A00AABA48 /* as4sApp.swift in Sources */ = {isa = PBXBuildFile; fileRef = B161BC1F2ADB958A00AABA48 /* as4sApp.swift */; };
		B161BC222ADB958A00AABA48 /* Store.swift in Sources */ = {isa = PBXBuildFile; fileRef = B161BC212ADB958A00AABA48 /* Store.swift */; };
		B161BC242ADB958A00AABA48 /* ContentView.swift in Sources */ = {isa = PBXBuildFile; fileRef = B161BC232ADB958A00AABA48 /* ContentView.swift */; };
		B161BC262ADB958A00AABA48 /* Assets.xcassets in Resources */ = {isa = PBXBuildFile; fileRef = B161BC252ADB958A00AABA48 /* Assets.xcassets */; };
		B161BC2B2ADB958A00AABA48 /* Preview Assets.xcassets in Resources */ = {isa = PBXBuildFile; fileRef = B161BC2A2ADB958A00AABA48 /* Preview Assets.xcassets */; };
		B161BC352ADB958A00AABA48 /* as4sTests.swift in Sources */ = {isa = PBXBuildFile; fileRef = B161BC342ADB958A00AABA48 /* as4sTests.swift */; };
		B161BC3F2ADB958A00AABA48 /* as4sUITests.swift in Sources */ = {isa = PBXBuildFile; fileRef = B161BC3E2ADB958A00AABA48 /* as4sUITests.swift */; };
		B161BC412ADB958A00AABA48 /* as4sUITestsLaunchTests.swift in Sources */ = {isa = PBXBuildFile; fileRef = B161BC402ADB958A00AABA48 /* as4sUITestsLaunchTests.swift */; };
		B17F72622B215A1300829C30 /* NodalLoad.swift in Sources */ = {isa = PBXBuildFile; fileRef = B17F72612B215A1300829C30 /* NodalLoad.swift */; };
		B17FE6512ADE82E5009A9134 /* Mevic in Frameworks */ = {isa = PBXBuildFile; productRef = B17FE6502ADE82E5009A9134 /* Mevic */; };
		B19890422B33EA8D00CF0431 /* BeamInspector.swift in Sources */ = {isa = PBXBuildFile; fileRef = B19890412B33EA8D00CF0431 /* BeamInspector.swift */; };
		B19DFE012B30820100B7F7B8 /* DispModelLayer.swift in Sources */ = {isa = PBXBuildFile; fileRef = B19DFE002B30820100B7F7B8 /* DispModelLayer.swift */; };
		B19DFE032B30936A00B7F7B8 /* TransformView.swift in Sources */ = {isa = PBXBuildFile; fileRef = B19DFE022B30936A00B7F7B8 /* TransformView.swift */; };
		B1A524F02B36A57A00171268 /* Material.swift in Sources */ = {isa = PBXBuildFile; fileRef = B1A524EF2B36A57A00171268 /* Material.swift */; };
		B1A524F42B36AD5800171268 /* ReactangleSec.swift in Sources */ = {isa = PBXBuildFile; fileRef = B1A524F32B36AD5800171268 /* ReactangleSec.swift */; };
		B1A524F62B36B21100171268 /* MakeMaterialView.swift in Sources */ = {isa = PBXBuildFile; fileRef = B1A524F52B36B21100171268 /* MakeMaterialView.swift */; };
		B1A524F82B36C1EC00171268 /* MakeSupportView.swift in Sources */ = {isa = PBXBuildFile; fileRef = B1A524F72B36C1EC00171268 /* MakeSupportView.swift */; };
		B1A524FA2B36C25600171268 /* SubmitButtom.swift in Sources */ = {isa = PBXBuildFile; fileRef = B1A524F92B36C25600171268 /* SubmitButtom.swift */; };
		B1A524FD2B36D51300171268 /* MaterialPicker.swift in Sources */ = {isa = PBXBuildFile; fileRef = B1A524FC2B36D51300171268 /* MaterialPicker.swift */; };
		B1A525002B36E79E00171268 /* NodeTable.swift in Sources */ = {isa = PBXBuildFile; fileRef = B1A524FF2B36E79E00171268 /* NodeTable.swift */; };
		B1A525022B371AA300171268 /* TableView.swift in Sources */ = {isa = PBXBuildFile; fileRef = B1A525012B371AA300171268 /* TableView.swift */; };
		B1A525042B37212200171268 /* BeamColumnTable.swift in Sources */ = {isa = PBXBuildFile; fileRef = B1A525032B37212200171268 /* BeamColumnTable.swift */; };
		B1A525062B37247F00171268 /* MaterialTable.swift in Sources */ = {isa = PBXBuildFile; fileRef = B1A525052B37247F00171268 /* MaterialTable.swift */; };
		B1A525082B3725D700171268 /* SectionTable.swift in Sources */ = {isa = PBXBuildFile; fileRef = B1A525072B3725D700171268 /* SectionTable.swift */; };
		B1A65B8F2ADD36A1001A9C7B /* Logger.swift in Sources */ = {isa = PBXBuildFile; fileRef = B1A65B8E2ADD36A1001A9C7B /* Logger.swift */; };
		B1AF9F732B21B6810066C617 /* GraphicScene.swift in Sources */ = {isa = PBXBuildFile; fileRef = B1AF9F722B21B6810066C617 /* GraphicScene.swift */; };
		B1B3121B2ADC1CFE00DC32B9 /* Node.swift in Sources */ = {isa = PBXBuildFile; fileRef = B1B3121A2ADC1CFE00DC32B9 /* Node.swift */; };
		B1B3121D2ADC24A700DC32B9 /* Store+Document.swift in Sources */ = {isa = PBXBuildFile; fileRef = B1B3121C2ADC24A700DC32B9 /* Store+Document.swift */; };
		B1B312212ADC264600DC32B9 /* Actions.swift in Sources */ = {isa = PBXBuildFile; fileRef = B1B312202ADC264600DC32B9 /* Actions.swift */; };
		B1B8792A2ADBBB2800CCDDA7 /* Model.swift in Sources */ = {isa = PBXBuildFile; fileRef = B1B879292ADBBB2800CCDDA7 /* Model.swift */; };
		B1B8792D2ADBBDE300CCDDA7 /* floatN+Extensions.swift in Sources */ = {isa = PBXBuildFile; fileRef = B1B8792C2ADBBDE300CCDDA7 /* floatN+Extensions.swift */; };
		B1BE09EF2B21FAAC0002C57B /* Support.swift in Sources */ = {isa = PBXBuildFile; fileRef = B1BE09EE2B21FAAC0002C57B /* Support.swift */; };
		B1F5EF1C2B074A8400805708 /* NSPoint+Extensions.swift in Sources */ = {isa = PBXBuildFile; fileRef = B1F5EF1B2B074A8400805708 /* NSPoint+Extensions.swift */; };
		B1F5EF1E2B074F6200805708 /* BeamColumn.swift in Sources */ = {isa = PBXBuildFile; fileRef = B1F5EF1D2B074F6200805708 /* BeamColumn.swift */; };
		B1F5EF202B074FCD00805708 /* Truss.swift in Sources */ = {isa = PBXBuildFile; fileRef = B1F5EF1F2B074FCD00805708 /* Truss.swift */; };
		B1FE61B32B258D2D005116DC /* OpenSees in Resources */ = {isa = PBXBuildFile; fileRef = B1FE61A92B258D2D005116DC /* OpenSees */; };
		B1FE61B42B258D2D005116DC /* init.tcl in Resources */ = {isa = PBXBuildFile; fileRef = B1FE61AC2B258D2D005116DC /* init.tcl */; };
/* End PBXBuildFile section */

/* Begin PBXContainerItemProxy section */
		B161BC312ADB958A00AABA48 /* PBXContainerItemProxy */ = {
			isa = PBXContainerItemProxy;
			containerPortal = B161BC142ADB958900AABA48 /* Project object */;
			proxyType = 1;
			remoteGlobalIDString = B161BC1B2ADB958A00AABA48;
			remoteInfo = as4s;
		};
		B161BC3B2ADB958A00AABA48 /* PBXContainerItemProxy */ = {
			isa = PBXContainerItemProxy;
			containerPortal = B161BC142ADB958900AABA48 /* Project object */;
			proxyType = 1;
			remoteGlobalIDString = B161BC1B2ADB958A00AABA48;
			remoteInfo = as4s;
		};
/* End PBXContainerItemProxy section */

/* Begin PBXFileReference section */
		B1077D642B35C3FD00938518 /* MakeBeamView.swift */ = {isa = PBXFileReference; lastKnownFileType = sourcecode.swift; path = MakeBeamView.swift; sourceTree = "<group>"; };
		B1077D662B35C42400938518 /* InputFloatValueField.swift */ = {isa = PBXFileReference; lastKnownFileType = sourcecode.swift; path = InputFloatValueField.swift; sourceTree = "<group>"; };
		B1077D682B35E47B00938518 /* InformationText.swift */ = {isa = PBXFileReference; lastKnownFileType = sourcecode.swift; path = InformationText.swift; sourceTree = "<group>"; };
		B1077D6A2B35E4D500938518 /* SampleText.swift */ = {isa = PBXFileReference; lastKnownFileType = sourcecode.swift; path = SampleText.swift; sourceTree = "<group>"; };
		B12324262B31CC5500E8D6B0 /* ObjectInspector.swift */ = {isa = PBXFileReference; lastKnownFileType = sourcecode.swift; path = ObjectInspector.swift; sourceTree = "<group>"; };
		B12324292B31D2E500E8D6B0 /* NodeInspector.swift */ = {isa = PBXFileReference; lastKnownFileType = sourcecode.swift; path = NodeInspector.swift; sourceTree = "<group>"; };
		B124ADDC2B06429100AE5429 /* Color+Extensions.swift */ = {isa = PBXFileReference; lastKnownFileType = sourcecode.swift; path = "Color+Extensions.swift"; sourceTree = "<group>"; };
		B12AD6402B16153400D4D315 /* GraphicController.swift */ = {isa = PBXFileReference; lastKnownFileType = sourcecode.swift; path = GraphicController.swift; sourceTree = "<group>"; };
		B12AD6802B1950A800D4D315 /* TestModel.txt */ = {isa = PBXFileReference; fileEncoding = 4; lastKnownFileType = text; path = TestModel.txt; sourceTree = "<group>"; };
		B1372C7E2B05CE65000293D4 /* Config.swift */ = {isa = PBXFileReference; lastKnownFileType = sourcecode.swift; path = Config.swift; sourceTree = "<group>"; };
		B13AED952B2C26430028B410 /* ModelView.swift */ = {isa = PBXFileReference; lastKnownFileType = sourcecode.swift; path = ModelView.swift; sourceTree = "<group>"; };
		B1424E4F2B29D28B00F9A22C /* Renderable.swift */ = {isa = PBXFileReference; lastKnownFileType = sourcecode.swift; path = Renderable.swift; sourceTree = "<group>"; };
		B1424E512B29DFD400F9A22C /* CrossSection.swift */ = {isa = PBXFileReference; lastKnownFileType = sourcecode.swift; path = CrossSection.swift; sourceTree = "<group>"; };
		B1424E532B29E05F00F9A22C /* Transformation.swift */ = {isa = PBXFileReference; lastKnownFileType = sourcecode.swift; path = Transformation.swift; sourceTree = "<group>"; };
		B1424E552B29E09800F9A22C /* Mass.swift */ = {isa = PBXFileReference; lastKnownFileType = sourcecode.swift; path = Mass.swift; sourceTree = "<group>"; };
		B1424E5B2B2A0C5700F9A22C /* Selectable.swift */ = {isa = PBXFileReference; lastKnownFileType = sourcecode.swift; path = Selectable.swift; sourceTree = "<group>"; };
		B1424E5D2B2A0D9D00F9A22C /* ElasticSection.swift */ = {isa = PBXFileReference; lastKnownFileType = sourcecode.swift; path = ElasticSection.swift; sourceTree = "<group>"; };
		B14AC22B2B34850000282CE0 /* MakeNodeView.swift */ = {isa = PBXFileReference; lastKnownFileType = sourcecode.swift; path = MakeNodeView.swift; sourceTree = "<group>"; };
		B14AC22D2B348B2F00282CE0 /* InfoView.swift */ = {isa = PBXFileReference; lastKnownFileType = sourcecode.swift; path = InfoView.swift; sourceTree = "<group>"; };
		B14AC2332B3553B500282CE0 /* InfoSecondaryToolbar.swift */ = {isa = PBXFileReference; lastKnownFileType = sourcecode.swift; path = InfoSecondaryToolbar.swift; sourceTree = "<group>"; };
		B14AC2352B35543B00282CE0 /* InfoPrimaryToolbar.swift */ = {isa = PBXFileReference; lastKnownFileType = sourcecode.swift; path = InfoPrimaryToolbar.swift; sourceTree = "<group>"; };
		B14AC2372B35552B00282CE0 /* Detail.swift */ = {isa = PBXFileReference; lastKnownFileType = sourcecode.swift; path = Detail.swift; sourceTree = "<group>"; };
		B14AC2392B3557A000282CE0 /* MVCViewRepresentable.swift */ = {isa = PBXFileReference; lastKnownFileType = sourcecode.swift; path = MVCViewRepresentable.swift; sourceTree = "<group>"; };
		B14AC23B2B355A6100282CE0 /* Colors.xcassets */ = {isa = PBXFileReference; lastKnownFileType = folder.assetcatalog; path = Colors.xcassets; sourceTree = "<group>"; };
		B14AC23D2B35624100282CE0 /* LabeledScaler.swift */ = {isa = PBXFileReference; lastKnownFileType = sourcecode.swift; path = LabeledScaler.swift; sourceTree = "<group>"; };
		B14AC2412B3582FC00282CE0 /* CommandTabView.swift */ = {isa = PBXFileReference; lastKnownFileType = sourcecode.swift; path = CommandTabView.swift; sourceTree = "<group>"; };
		B14E2E3C2B2DBB600032AE30 /* ModelViewCoordinator.swift */ = {isa = PBXFileReference; lastKnownFileType = sourcecode.swift; path = ModelViewCoordinator.swift; sourceTree = "<group>"; };
		B14E2E3E2B2DC71D0032AE30 /* Sidebar.swift */ = {isa = PBXFileReference; lastKnownFileType = sourcecode.swift; path = Sidebar.swift; sourceTree = "<group>"; };
		B14E2E422B2E95EF0032AE30 /* ModelLayer.swift */ = {isa = PBXFileReference; lastKnownFileType = sourcecode.swift; path = ModelLayer.swift; sourceTree = "<group>"; };
		B14E2E442B2E9F5D0032AE30 /* ForceLayer.swift */ = {isa = PBXFileReference; lastKnownFileType = sourcecode.swift; path = ForceLayer.swift; sourceTree = "<group>"; };
		B14E2E462B2E9F7B0032AE30 /* LoadLayer.swift */ = {isa = PBXFileReference; lastKnownFileType = sourcecode.swift; path = LoadLayer.swift; sourceTree = "<group>"; };
		B14E2E482B2E9F8F0032AE30 /* CaptionLayer.swift */ = {isa = PBXFileReference; lastKnownFileType = sourcecode.swift; path = CaptionLayer.swift; sourceTree = "<group>"; };
		B14E2E4D2B2EAAF20032AE30 /* ModelCommands.swift */ = {isa = PBXFileReference; lastKnownFileType = sourcecode.swift; path = ModelCommands.swift; sourceTree = "<group>"; };
		B14E2E5A2B2EEDEF0032AE30 /* BeamGeometry.swift */ = {isa = PBXFileReference; lastKnownFileType = sourcecode.swift; path = BeamGeometry.swift; sourceTree = "<group>"; };
		B14E2E5C2B2F1D440032AE30 /* NodeGeometry.swift */ = {isa = PBXFileReference; lastKnownFileType = sourcecode.swift; path = NodeGeometry.swift; sourceTree = "<group>"; };
		B14E2E5E2B2F1D8E0032AE30 /* Geometry.swift */ = {isa = PBXFileReference; lastKnownFileType = sourcecode.swift; path = Geometry.swift; sourceTree = "<group>"; };
		B14E2E602B2F1F2C0032AE30 /* NodalLoadGeometry.swift */ = {isa = PBXFileReference; lastKnownFileType = sourcecode.swift; path = NodalLoadGeometry.swift; sourceTree = "<group>"; };
		B161BC1C2ADB958A00AABA48 /* as4s.app */ = {isa = PBXFileReference; explicitFileType = wrapper.application; includeInIndex = 0; path = as4s.app; sourceTree = BUILT_PRODUCTS_DIR; };
		B161BC1F2ADB958A00AABA48 /* as4sApp.swift */ = {isa = PBXFileReference; lastKnownFileType = sourcecode.swift; path = as4sApp.swift; sourceTree = "<group>"; };
		B161BC212ADB958A00AABA48 /* Store.swift */ = {isa = PBXFileReference; lastKnownFileType = sourcecode.swift; path = Store.swift; sourceTree = "<group>"; };
		B161BC232ADB958A00AABA48 /* ContentView.swift */ = {isa = PBXFileReference; lastKnownFileType = sourcecode.swift; path = ContentView.swift; sourceTree = "<group>"; };
		B161BC252ADB958A00AABA48 /* Assets.xcassets */ = {isa = PBXFileReference; lastKnownFileType = folder.assetcatalog; path = Assets.xcassets; sourceTree = "<group>"; };
		B161BC272ADB958A00AABA48 /* Info.plist */ = {isa = PBXFileReference; lastKnownFileType = text.plist.xml; path = Info.plist; sourceTree = "<group>"; };
		B161BC282ADB958A00AABA48 /* as4s.entitlements */ = {isa = PBXFileReference; lastKnownFileType = text.plist.entitlements; path = as4s.entitlements; sourceTree = "<group>"; };
		B161BC2A2ADB958A00AABA48 /* Preview Assets.xcassets */ = {isa = PBXFileReference; lastKnownFileType = folder.assetcatalog; path = "Preview Assets.xcassets"; sourceTree = "<group>"; };
		B161BC302ADB958A00AABA48 /* as4sTests.xctest */ = {isa = PBXFileReference; explicitFileType = wrapper.cfbundle; includeInIndex = 0; path = as4sTests.xctest; sourceTree = BUILT_PRODUCTS_DIR; };
		B161BC342ADB958A00AABA48 /* as4sTests.swift */ = {isa = PBXFileReference; lastKnownFileType = sourcecode.swift; path = as4sTests.swift; sourceTree = "<group>"; };
		B161BC3A2ADB958A00AABA48 /* as4sUITests.xctest */ = {isa = PBXFileReference; explicitFileType = wrapper.cfbundle; includeInIndex = 0; path = as4sUITests.xctest; sourceTree = BUILT_PRODUCTS_DIR; };
		B161BC3E2ADB958A00AABA48 /* as4sUITests.swift */ = {isa = PBXFileReference; lastKnownFileType = sourcecode.swift; path = as4sUITests.swift; sourceTree = "<group>"; };
		B161BC402ADB958A00AABA48 /* as4sUITestsLaunchTests.swift */ = {isa = PBXFileReference; lastKnownFileType = sourcecode.swift; path = as4sUITestsLaunchTests.swift; sourceTree = "<group>"; };
		B17F72612B215A1300829C30 /* NodalLoad.swift */ = {isa = PBXFileReference; lastKnownFileType = sourcecode.swift; path = NodalLoad.swift; sourceTree = "<group>"; };
		B19890412B33EA8D00CF0431 /* BeamInspector.swift */ = {isa = PBXFileReference; lastKnownFileType = sourcecode.swift; path = BeamInspector.swift; sourceTree = "<group>"; };
		B19DFE002B30820100B7F7B8 /* DispModelLayer.swift */ = {isa = PBXFileReference; lastKnownFileType = sourcecode.swift; path = DispModelLayer.swift; sourceTree = "<group>"; };
		B19DFE022B30936A00B7F7B8 /* TransformView.swift */ = {isa = PBXFileReference; lastKnownFileType = sourcecode.swift; path = TransformView.swift; sourceTree = "<group>"; };
		B1A524EF2B36A57A00171268 /* Material.swift */ = {isa = PBXFileReference; lastKnownFileType = sourcecode.swift; path = Material.swift; sourceTree = "<group>"; };
		B1A524F32B36AD5800171268 /* ReactangleSec.swift */ = {isa = PBXFileReference; lastKnownFileType = sourcecode.swift; path = ReactangleSec.swift; sourceTree = "<group>"; };
		B1A524F52B36B21100171268 /* MakeMaterialView.swift */ = {isa = PBXFileReference; lastKnownFileType = sourcecode.swift; path = MakeMaterialView.swift; sourceTree = "<group>"; };
		B1A524F72B36C1EC00171268 /* MakeSupportView.swift */ = {isa = PBXFileReference; lastKnownFileType = sourcecode.swift; path = MakeSupportView.swift; sourceTree = "<group>"; };
		B1A524F92B36C25600171268 /* SubmitButtom.swift */ = {isa = PBXFileReference; lastKnownFileType = sourcecode.swift; path = SubmitButtom.swift; sourceTree = "<group>"; };
		B1A524FC2B36D51300171268 /* MaterialPicker.swift */ = {isa = PBXFileReference; lastKnownFileType = sourcecode.swift; path = MaterialPicker.swift; sourceTree = "<group>"; };
		B1A524FF2B36E79E00171268 /* NodeTable.swift */ = {isa = PBXFileReference; lastKnownFileType = sourcecode.swift; path = NodeTable.swift; sourceTree = "<group>"; };
		B1A525012B371AA300171268 /* TableView.swift */ = {isa = PBXFileReference; lastKnownFileType = sourcecode.swift; path = TableView.swift; sourceTree = "<group>"; };
		B1A525032B37212200171268 /* BeamColumnTable.swift */ = {isa = PBXFileReference; lastKnownFileType = sourcecode.swift; path = BeamColumnTable.swift; sourceTree = "<group>"; };
		B1A525052B37247F00171268 /* MaterialTable.swift */ = {isa = PBXFileReference; lastKnownFileType = sourcecode.swift; path = MaterialTable.swift; sourceTree = "<group>"; };
		B1A525072B3725D700171268 /* SectionTable.swift */ = {isa = PBXFileReference; lastKnownFileType = sourcecode.swift; path = SectionTable.swift; sourceTree = "<group>"; };
		B1A65B8E2ADD36A1001A9C7B /* Logger.swift */ = {isa = PBXFileReference; lastKnownFileType = sourcecode.swift; path = Logger.swift; sourceTree = "<group>"; };
		B1AF9F722B21B6810066C617 /* GraphicScene.swift */ = {isa = PBXFileReference; lastKnownFileType = sourcecode.swift; path = GraphicScene.swift; sourceTree = "<group>"; };
		B1B3121A2ADC1CFE00DC32B9 /* Node.swift */ = {isa = PBXFileReference; lastKnownFileType = sourcecode.swift; path = Node.swift; sourceTree = "<group>"; };
		B1B3121C2ADC24A700DC32B9 /* Store+Document.swift */ = {isa = PBXFileReference; lastKnownFileType = sourcecode.swift; path = "Store+Document.swift"; sourceTree = "<group>"; };
		B1B312202ADC264600DC32B9 /* Actions.swift */ = {isa = PBXFileReference; lastKnownFileType = sourcecode.swift; path = Actions.swift; sourceTree = "<group>"; };
		B1B879292ADBBB2800CCDDA7 /* Model.swift */ = {isa = PBXFileReference; lastKnownFileType = sourcecode.swift; path = Model.swift; sourceTree = "<group>"; };
		B1B8792C2ADBBDE300CCDDA7 /* floatN+Extensions.swift */ = {isa = PBXFileReference; fileEncoding = 4; lastKnownFileType = sourcecode.swift; path = "floatN+Extensions.swift"; sourceTree = "<group>"; };
		B1BE09EE2B21FAAC0002C57B /* Support.swift */ = {isa = PBXFileReference; lastKnownFileType = sourcecode.swift; path = Support.swift; sourceTree = "<group>"; };
		B1F5EF1B2B074A8400805708 /* NSPoint+Extensions.swift */ = {isa = PBXFileReference; lastKnownFileType = sourcecode.swift; path = "NSPoint+Extensions.swift"; sourceTree = "<group>"; };
		B1F5EF1D2B074F6200805708 /* BeamColumn.swift */ = {isa = PBXFileReference; lastKnownFileType = sourcecode.swift; path = BeamColumn.swift; sourceTree = "<group>"; };
		B1F5EF1F2B074FCD00805708 /* Truss.swift */ = {isa = PBXFileReference; lastKnownFileType = sourcecode.swift; path = Truss.swift; sourceTree = "<group>"; };
		B1FE61A92B258D2D005116DC /* OpenSees */ = {isa = PBXFileReference; lastKnownFileType = "compiled.mach-o.executable"; path = OpenSees; sourceTree = "<group>"; };
		B1FE61AC2B258D2D005116DC /* init.tcl */ = {isa = PBXFileReference; fileEncoding = 4; lastKnownFileType = text; path = init.tcl; sourceTree = "<group>"; };
/* End PBXFileReference section */

/* Begin PBXFrameworksBuildPhase section */
		B161BC192ADB958A00AABA48 /* Frameworks */ = {
			isa = PBXFrameworksBuildPhase;
			buildActionMask = 2147483647;
			files = (
				B1424E4E2B29CF1600F9A22C /* OpenSeesCoder in Frameworks */,
				B17FE6512ADE82E5009A9134 /* Mevic in Frameworks */,
				B14AC2312B353A3A00282CE0 /* SplitView in Frameworks */,
			);
			runOnlyForDeploymentPostprocessing = 0;
		};
		B161BC2D2ADB958A00AABA48 /* Frameworks */ = {
			isa = PBXFrameworksBuildPhase;
			buildActionMask = 2147483647;
			files = (
			);
			runOnlyForDeploymentPostprocessing = 0;
		};
		B161BC372ADB958A00AABA48 /* Frameworks */ = {
			isa = PBXFrameworksBuildPhase;
			buildActionMask = 2147483647;
			files = (
			);
			runOnlyForDeploymentPostprocessing = 0;
		};
/* End PBXFrameworksBuildPhase section */

/* Begin PBXGroup section */
		B12324282B31D2D700E8D6B0 /* Inspector */ = {
			isa = PBXGroup;
			children = (
				B12324262B31CC5500E8D6B0 /* ObjectInspector.swift */,
				B12324292B31D2E500E8D6B0 /* NodeInspector.swift */,
				B19890412B33EA8D00CF0431 /* BeamInspector.swift */,
			);
			path = Inspector;
			sourceTree = "<group>";
		};
		B1424E572B2A075000F9A22C /* Element */ = {
			isa = PBXGroup;
			children = (
				B1F5EF1D2B074F6200805708 /* BeamColumn.swift */,
				B1F5EF1F2B074FCD00805708 /* Truss.swift */,
			);
			path = Element;
			sourceTree = "<group>";
		};
		B1424E582B2A076600F9A22C /* Load */ = {
			isa = PBXGroup;
			children = (
				B1424E552B29E09800F9A22C /* Mass.swift */,
				B17F72612B215A1300829C30 /* NodalLoad.swift */,
			);
			path = Load;
			sourceTree = "<group>";
		};
		B1424E592B2A079300F9A22C /* Constraint */ = {
			isa = PBXGroup;
			children = (
				B1BE09EE2B21FAAC0002C57B /* Support.swift */,
			);
			path = Constraint;
			sourceTree = "<group>";
		};
		B1424E692B2AEBA400F9A22C /* Graphics */ = {
			isa = PBXGroup;
			children = (
				B12AD6402B16153400D4D315 /* GraphicController.swift */,
				B1AF9F722B21B6810066C617 /* GraphicScene.swift */,
				B14E2E622B2F21EF0032AE30 /* Geometry */,
				B14E2E4A2B2E9FA80032AE30 /* Layers */,
			);
			path = Graphics;
			sourceTree = "<group>";
		};
		B14AC2322B35539C00282CE0 /* InfoView */ = {
			isa = PBXGroup;
			children = (
				B14AC22D2B348B2F00282CE0 /* InfoView.swift */,
				B1077D682B35E47B00938518 /* InformationText.swift */,
				B14AC2352B35543B00282CE0 /* InfoPrimaryToolbar.swift */,
				B14AC2332B3553B500282CE0 /* InfoSecondaryToolbar.swift */,
				B1077D6A2B35E4D500938518 /* SampleText.swift */,
			);
			path = InfoView;
			sourceTree = "<group>";
		};
		B14AC23F2B35774400282CE0 /* Sheets */ = {
			isa = PBXGroup;
			children = (
				B19DFE022B30936A00B7F7B8 /* TransformView.swift */,
			);
			path = Sheets;
			sourceTree = "<group>";
		};
		B14AC2402B3582E700282CE0 /* CommandTabView */ = {
			isa = PBXGroup;
			children = (
				B14AC2412B3582FC00282CE0 /* CommandTabView.swift */,
				B14AC22B2B34850000282CE0 /* MakeNodeView.swift */,
				B1077D642B35C3FD00938518 /* MakeBeamView.swift */,
				B1A524F52B36B21100171268 /* MakeMaterialView.swift */,
				B1A524F72B36C1EC00171268 /* MakeSupportView.swift */,
			);
			path = CommandTabView;
			sourceTree = "<group>";
		};
		B14E2E4A2B2E9FA80032AE30 /* Layers */ = {
			isa = PBXGroup;
			children = (
				B14E2E422B2E95EF0032AE30 /* ModelLayer.swift */,
				B19DFE002B30820100B7F7B8 /* DispModelLayer.swift */,
				B14E2E442B2E9F5D0032AE30 /* ForceLayer.swift */,
				B14E2E462B2E9F7B0032AE30 /* LoadLayer.swift */,
				B14E2E482B2E9F8F0032AE30 /* CaptionLayer.swift */,
			);
			path = Layers;
			sourceTree = "<group>";
		};
		B14E2E4B2B2EAA360032AE30 /* Navigation */ = {
			isa = PBXGroup;
			children = (
				B161BC232ADB958A00AABA48 /* ContentView.swift */,
				B14E2E3E2B2DC71D0032AE30 /* Sidebar.swift */,
				B14AC2372B35552B00282CE0 /* Detail.swift */,
			);
			path = Navigation;
			sourceTree = "<group>";
		};
		B14E2E4C2B2EAACC0032AE30 /* Main Menu */ = {
			isa = PBXGroup;
			children = (
				B14E2E4D2B2EAAF20032AE30 /* ModelCommands.swift */,
			);
			path = "Main Menu";
			sourceTree = "<group>";
		};
		B14E2E622B2F21EF0032AE30 /* Geometry */ = {
			isa = PBXGroup;
			children = (
				B14E2E5E2B2F1D8E0032AE30 /* Geometry.swift */,
				B14E2E5C2B2F1D440032AE30 /* NodeGeometry.swift */,
				B14E2E5A2B2EEDEF0032AE30 /* BeamGeometry.swift */,
				B14E2E602B2F1F2C0032AE30 /* NodalLoadGeometry.swift */,
			);
			path = Geometry;
			sourceTree = "<group>";
		};
		B161BC132ADB958900AABA48 = {
			isa = PBXGroup;
			children = (
				B161BC1E2ADB958A00AABA48 /* as4s */,
				B161BC332ADB958A00AABA48 /* as4sTests */,
				B161BC3D2ADB958A00AABA48 /* as4sUITests */,
				B161BC1D2ADB958A00AABA48 /* Products */,
			);
			sourceTree = "<group>";
		};
		B161BC1D2ADB958A00AABA48 /* Products */ = {
			isa = PBXGroup;
			children = (
				B161BC1C2ADB958A00AABA48 /* as4s.app */,
				B161BC302ADB958A00AABA48 /* as4sTests.xctest */,
				B161BC3A2ADB958A00AABA48 /* as4sUITests.xctest */,
			);
			name = Products;
			sourceTree = "<group>";
		};
		B161BC1E2ADB958A00AABA48 /* as4s */ = {
			isa = PBXGroup;
			children = (
				B161BC1F2ADB958A00AABA48 /* as4sApp.swift */,
				B14E2E4B2B2EAA360032AE30 /* Navigation */,
				B161BC502ADB962A00AABA48 /* Views */,
				B1A524FB2B36D3A500171268 /* Components */,
				B14E2E4C2B2EAACC0032AE30 /* Main Menu */,
				B1B8792E2ADBBE2400CCDDA7 /* Stores */,
				B1B3121F2ADC263C00DC32B9 /* Actions */,
				B161BC512ADB963800AABA48 /* Models */,
				B1424E692B2AEBA400F9A22C /* Graphics */,
				B1B8792B2ADBBDCC00CCDDA7 /* Extensions */,
				B1A65B8D2ADD367C001A9C7B /* Utilities */,
				B1FE619E2B258CF8005116DC /* Resources */,
				B161BC272ADB958A00AABA48 /* Info.plist */,
				B161BC282ADB958A00AABA48 /* as4s.entitlements */,
				B14AC23B2B355A6100282CE0 /* Colors.xcassets */,
				B161BC292ADB958A00AABA48 /* Preview Content */,
			);
			path = as4s;
			sourceTree = "<group>";
		};
		B161BC292ADB958A00AABA48 /* Preview Content */ = {
			isa = PBXGroup;
			children = (
				B161BC2A2ADB958A00AABA48 /* Preview Assets.xcassets */,
			);
			path = "Preview Content";
			sourceTree = "<group>";
		};
		B161BC332ADB958A00AABA48 /* as4sTests */ = {
			isa = PBXGroup;
			children = (
				B161BC342ADB958A00AABA48 /* as4sTests.swift */,
			);
			path = as4sTests;
			sourceTree = "<group>";
		};
		B161BC3D2ADB958A00AABA48 /* as4sUITests */ = {
			isa = PBXGroup;
			children = (
				B161BC3E2ADB958A00AABA48 /* as4sUITests.swift */,
				B161BC402ADB958A00AABA48 /* as4sUITestsLaunchTests.swift */,
			);
			path = as4sUITests;
			sourceTree = "<group>";
		};
		B161BC502ADB962A00AABA48 /* Views */ = {
			isa = PBXGroup;
			children = (
				B1A524FE2B36E74C00171268 /* TableView */,
				B14AC2402B3582E700282CE0 /* CommandTabView */,
				B14AC23F2B35774400282CE0 /* Sheets */,
				B14AC2322B35539C00282CE0 /* InfoView */,
				B198903E2B33E44100CF0431 /* ModelView */,
				B12324282B31D2D700E8D6B0 /* Inspector */,
			);
			path = Views;
			sourceTree = "<group>";
		};
		B161BC512ADB963800AABA48 /* Models */ = {
			isa = PBXGroup;
			children = (
				B1424E5B2B2A0C5700F9A22C /* Selectable.swift */,
				B1424E4F2B29D28B00F9A22C /* Renderable.swift */,
				B1B879292ADBBB2800CCDDA7 /* Model.swift */,
				B1B3121A2ADC1CFE00DC32B9 /* Node.swift */,
				B1424E572B2A075000F9A22C /* Element */,
				B1A524EE2B36A56600171268 /* Material */,
				B1A524F12B36ACFF00171268 /* CrossSection */,
				B1424E582B2A076600F9A22C /* Load */,
				B1424E592B2A079300F9A22C /* Constraint */,
				B1A524F22B36AD1C00171268 /* Rapper */,
			);
			path = Models;
			sourceTree = "<group>";
		};
		B198903E2B33E44100CF0431 /* ModelView */ = {
			isa = PBXGroup;
			children = (
				B13AED952B2C26430028B410 /* ModelView.swift */,
				B14E2E3C2B2DBB600032AE30 /* ModelViewCoordinator.swift */,
				B14AC2392B3557A000282CE0 /* MVCViewRepresentable.swift */,
			);
			path = ModelView;
			sourceTree = "<group>";
		};
		B1A524EE2B36A56600171268 /* Material */ = {
			isa = PBXGroup;
			children = (
				B1A524EF2B36A57A00171268 /* Material.swift */,
			);
			path = Material;
			sourceTree = "<group>";
		};
		B1A524F12B36ACFF00171268 /* CrossSection */ = {
			isa = PBXGroup;
			children = (
				B1424E512B29DFD400F9A22C /* CrossSection.swift */,
				B1A524F32B36AD5800171268 /* ReactangleSec.swift */,
			);
			path = CrossSection;
			sourceTree = "<group>";
		};
		B1A524F22B36AD1C00171268 /* Rapper */ = {
			isa = PBXGroup;
			children = (
				B1424E5D2B2A0D9D00F9A22C /* ElasticSection.swift */,
				B1424E532B29E05F00F9A22C /* Transformation.swift */,
			);
			path = Rapper;
			sourceTree = "<group>";
		};
		B1A524FB2B36D3A500171268 /* Components */ = {
			isa = PBXGroup;
			children = (
				B14AC23D2B35624100282CE0 /* LabeledScaler.swift */,
				B1A524FC2B36D51300171268 /* MaterialPicker.swift */,
				B1077D662B35C42400938518 /* InputFloatValueField.swift */,
				B1A524F92B36C25600171268 /* SubmitButtom.swift */,
			);
			path = Components;
			sourceTree = "<group>";
		};
		B1A524FE2B36E74C00171268 /* TableView */ = {
			isa = PBXGroup;
			children = (
				B1A525012B371AA300171268 /* TableView.swift */,
				B1A524FF2B36E79E00171268 /* NodeTable.swift */,
				B1A525032B37212200171268 /* BeamColumnTable.swift */,
				B1A525052B37247F00171268 /* MaterialTable.swift */,
				B1A525072B3725D700171268 /* SectionTable.swift */,
			);
			path = TableView;
			sourceTree = "<group>";
		};
		B1A65B8D2ADD367C001A9C7B /* Utilities */ = {
			isa = PBXGroup;
			children = (
				B1A65B8E2ADD36A1001A9C7B /* Logger.swift */,
				B1372C7E2B05CE65000293D4 /* Config.swift */,
			);
			path = Utilities;
			sourceTree = "<group>";
		};
		B1B3121F2ADC263C00DC32B9 /* Actions */ = {
			isa = PBXGroup;
			children = (
				B1B312202ADC264600DC32B9 /* Actions.swift */,
			);
			path = Actions;
			sourceTree = "<group>";
		};
		B1B8792B2ADBBDCC00CCDDA7 /* Extensions */ = {
			isa = PBXGroup;
			children = (
				B1B8792C2ADBBDE300CCDDA7 /* floatN+Extensions.swift */,
				B124ADDC2B06429100AE5429 /* Color+Extensions.swift */,
				B1F5EF1B2B074A8400805708 /* NSPoint+Extensions.swift */,
			);
			path = Extensions;
			sourceTree = "<group>";
		};
		B1B8792E2ADBBE2400CCDDA7 /* Stores */ = {
			isa = PBXGroup;
			children = (
				B161BC212ADB958A00AABA48 /* Store.swift */,
				B1B3121C2ADC24A700DC32B9 /* Store+Document.swift */,
			);
			path = Stores;
			sourceTree = "<group>";
		};
		B1FE619E2B258CF8005116DC /* Resources */ = {
			isa = PBXGroup;
			children = (
				B1FE619F2B258D2D005116DC /* OpenSees3.5.0 */,
				B12AD6802B1950A800D4D315 /* TestModel.txt */,
				B161BC252ADB958A00AABA48 /* Assets.xcassets */,
			);
			path = Resources;
			sourceTree = "<group>";
		};
		B1FE619F2B258D2D005116DC /* OpenSees3.5.0 */ = {
			isa = PBXGroup;
			children = (
				B1FE61A82B258D2D005116DC /* bin */,
				B1FE61AA2B258D2D005116DC /* lib */,
			);
			path = OpenSees3.5.0;
			sourceTree = "<group>";
		};
		B1FE61A82B258D2D005116DC /* bin */ = {
			isa = PBXGroup;
			children = (
				B1FE61A92B258D2D005116DC /* OpenSees */,
			);
			path = bin;
			sourceTree = "<group>";
		};
		B1FE61AA2B258D2D005116DC /* lib */ = {
			isa = PBXGroup;
			children = (
				B1FE61AB2B258D2D005116DC /* tcl8.6 */,
			);
			path = lib;
			sourceTree = "<group>";
		};
		B1FE61AB2B258D2D005116DC /* tcl8.6 */ = {
			isa = PBXGroup;
			children = (
				B1FE61AC2B258D2D005116DC /* init.tcl */,
			);
			path = tcl8.6;
			sourceTree = "<group>";
		};
/* End PBXGroup section */

/* Begin PBXNativeTarget section */
		B161BC1B2ADB958A00AABA48 /* as4s */ = {
			isa = PBXNativeTarget;
			buildConfigurationList = B161BC442ADB958A00AABA48 /* Build configuration list for PBXNativeTarget "as4s" */;
			buildPhases = (
				B161BC182ADB958A00AABA48 /* Sources */,
				B161BC192ADB958A00AABA48 /* Frameworks */,
				B161BC1A2ADB958A00AABA48 /* Resources */,
			);
			buildRules = (
			);
			dependencies = (
			);
			name = as4s;
			packageProductDependencies = (
				B17FE6502ADE82E5009A9134 /* Mevic */,
				B1424E4D2B29CF1600F9A22C /* OpenSeesCoder */,
				B14AC2302B353A3A00282CE0 /* SplitView */,
			);
			productName = as4s;
			productReference = B161BC1C2ADB958A00AABA48 /* as4s.app */;
			productType = "com.apple.product-type.application";
		};
		B161BC2F2ADB958A00AABA48 /* as4sTests */ = {
			isa = PBXNativeTarget;
			buildConfigurationList = B161BC472ADB958A00AABA48 /* Build configuration list for PBXNativeTarget "as4sTests" */;
			buildPhases = (
				B161BC2C2ADB958A00AABA48 /* Sources */,
				B161BC2D2ADB958A00AABA48 /* Frameworks */,
				B161BC2E2ADB958A00AABA48 /* Resources */,
			);
			buildRules = (
			);
			dependencies = (
				B161BC322ADB958A00AABA48 /* PBXTargetDependency */,
			);
			name = as4sTests;
			productName = as4sTests;
			productReference = B161BC302ADB958A00AABA48 /* as4sTests.xctest */;
			productType = "com.apple.product-type.bundle.unit-test";
		};
		B161BC392ADB958A00AABA48 /* as4sUITests */ = {
			isa = PBXNativeTarget;
			buildConfigurationList = B161BC4A2ADB958A00AABA48 /* Build configuration list for PBXNativeTarget "as4sUITests" */;
			buildPhases = (
				B161BC362ADB958A00AABA48 /* Sources */,
				B161BC372ADB958A00AABA48 /* Frameworks */,
				B161BC382ADB958A00AABA48 /* Resources */,
			);
			buildRules = (
			);
			dependencies = (
				B161BC3C2ADB958A00AABA48 /* PBXTargetDependency */,
			);
			name = as4sUITests;
			productName = as4sUITests;
			productReference = B161BC3A2ADB958A00AABA48 /* as4sUITests.xctest */;
			productType = "com.apple.product-type.bundle.ui-testing";
		};
/* End PBXNativeTarget section */

/* Begin PBXProject section */
		B161BC142ADB958900AABA48 /* Project object */ = {
			isa = PBXProject;
			attributes = {
				BuildIndependentTargetsInParallel = 1;
				LastSwiftUpdateCheck = 1500;
				LastUpgradeCheck = 1500;
				TargetAttributes = {
					B161BC1B2ADB958A00AABA48 = {
						CreatedOnToolsVersion = 15.0;
					};
					B161BC2F2ADB958A00AABA48 = {
						CreatedOnToolsVersion = 15.0;
						TestTargetID = B161BC1B2ADB958A00AABA48;
					};
					B161BC392ADB958A00AABA48 = {
						CreatedOnToolsVersion = 15.0;
						TestTargetID = B161BC1B2ADB958A00AABA48;
					};
				};
			};
			buildConfigurationList = B161BC172ADB958900AABA48 /* Build configuration list for PBXProject "as4s" */;
			compatibilityVersion = "Xcode 14.0";
			developmentRegion = en;
			hasScannedForEncodings = 0;
			knownRegions = (
				en,
				Base,
			);
			mainGroup = B161BC132ADB958900AABA48;
			packageReferences = (
				B1D0265F2AE0E55F00DF77E0 /* XCLocalSwiftPackageReference "../Mevic/Mevic" */,
				B1424E4C2B29CF1600F9A22C /* XCLocalSwiftPackageReference "../OpenSeesCoder" */,
				B14AC22F2B353A3A00282CE0 /* XCRemoteSwiftPackageReference "SplitView" */,
			);
			productRefGroup = B161BC1D2ADB958A00AABA48 /* Products */;
			projectDirPath = "";
			projectRoot = "";
			targets = (
				B161BC1B2ADB958A00AABA48 /* as4s */,
				B161BC2F2ADB958A00AABA48 /* as4sTests */,
				B161BC392ADB958A00AABA48 /* as4sUITests */,
			);
		};
/* End PBXProject section */

/* Begin PBXResourcesBuildPhase section */
		B161BC1A2ADB958A00AABA48 /* Resources */ = {
			isa = PBXResourcesBuildPhase;
			buildActionMask = 2147483647;
			files = (
				B161BC2B2ADB958A00AABA48 /* Preview Assets.xcassets in Resources */,
				B161BC262ADB958A00AABA48 /* Assets.xcassets in Resources */,
				B1FE61B32B258D2D005116DC /* OpenSees in Resources */,
				B14AC23C2B355A6100282CE0 /* Colors.xcassets in Resources */,
				B1FE61B42B258D2D005116DC /* init.tcl in Resources */,
				B12AD6812B1950A800D4D315 /* TestModel.txt in Resources */,
			);
			runOnlyForDeploymentPostprocessing = 0;
		};
		B161BC2E2ADB958A00AABA48 /* Resources */ = {
			isa = PBXResourcesBuildPhase;
			buildActionMask = 2147483647;
			files = (
			);
			runOnlyForDeploymentPostprocessing = 0;
		};
		B161BC382ADB958A00AABA48 /* Resources */ = {
			isa = PBXResourcesBuildPhase;
			buildActionMask = 2147483647;
			files = (
			);
			runOnlyForDeploymentPostprocessing = 0;
		};
/* End PBXResourcesBuildPhase section */

/* Begin PBXSourcesBuildPhase section */
		B161BC182ADB958A00AABA48 /* Sources */ = {
			isa = PBXSourcesBuildPhase;
			buildActionMask = 2147483647;
			files = (
				B1A524FA2B36C25600171268 /* SubmitButtom.swift in Sources */,
				B1B3121B2ADC1CFE00DC32B9 /* Node.swift in Sources */,
				B123242A2B31D2E500E8D6B0 /* NodeInspector.swift in Sources */,
				B14AC2382B35552B00282CE0 /* Detail.swift in Sources */,
				B1A524FD2B36D51300171268 /* MaterialPicker.swift in Sources */,
				B1077D6B2B35E4D500938518 /* SampleText.swift in Sources */,
				B14E2E472B2E9F7B0032AE30 /* LoadLayer.swift in Sources */,
				B1424E5E2B2A0D9D00F9A22C /* ElasticSection.swift in Sources */,
				B1A525002B36E79E00171268 /* NodeTable.swift in Sources */,
				B1B312212ADC264600DC32B9 /* Actions.swift in Sources */,
				B12324272B31CC5500E8D6B0 /* ObjectInspector.swift in Sources */,
				B14E2E5F2B2F1D8E0032AE30 /* Geometry.swift in Sources */,
				B19DFE032B30936A00B7F7B8 /* TransformView.swift in Sources */,
				B1424E522B29DFD400F9A22C /* CrossSection.swift in Sources */,
				B1424E502B29D28B00F9A22C /* Renderable.swift in Sources */,
				B14E2E452B2E9F5D0032AE30 /* ForceLayer.swift in Sources */,
				B1A525062B37247F00171268 /* MaterialTable.swift in Sources */,
				B1B8792D2ADBBDE300CCDDA7 /* floatN+Extensions.swift in Sources */,
				B1BE09EF2B21FAAC0002C57B /* Support.swift in Sources */,
				B14E2E4E2B2EAAF20032AE30 /* ModelCommands.swift in Sources */,
				B161BC202ADB958A00AABA48 /* as4sApp.swift in Sources */,
				B1077D672B35C42400938518 /* InputFloatValueField.swift in Sources */,
				B1372C7F2B05CE65000293D4 /* Config.swift in Sources */,
				B1077D652B35C3FD00938518 /* MakeBeamView.swift in Sources */,
				B14AC2422B3582FC00282CE0 /* CommandTabView.swift in Sources */,
				B1B3121D2ADC24A700DC32B9 /* Store+Document.swift in Sources */,
				B14AC22E2B348B2F00282CE0 /* InfoView.swift in Sources */,
				B19DFE012B30820100B7F7B8 /* DispModelLayer.swift in Sources */,
				B14AC2342B3553B500282CE0 /* InfoSecondaryToolbar.swift in Sources */,
				B14E2E492B2E9F8F0032AE30 /* CaptionLayer.swift in Sources */,
				B1A524F82B36C1EC00171268 /* MakeSupportView.swift in Sources */,
				B17F72622B215A1300829C30 /* NodalLoad.swift in Sources */,
				B1AF9F732B21B6810066C617 /* GraphicScene.swift in Sources */,
				B1A525022B371AA300171268 /* TableView.swift in Sources */,
				B1A524F42B36AD5800171268 /* ReactangleSec.swift in Sources */,
				B124ADDD2B06429100AE5429 /* Color+Extensions.swift in Sources */,
				B14E2E3D2B2DBB600032AE30 /* ModelViewCoordinator.swift in Sources */,
				B19890422B33EA8D00CF0431 /* BeamInspector.swift in Sources */,
				B1424E562B29E09800F9A22C /* Mass.swift in Sources */,
				B14E2E5D2B2F1D440032AE30 /* NodeGeometry.swift in Sources */,
				B14AC23A2B3557A000282CE0 /* MVCViewRepresentable.swift in Sources */,
				B14AC2362B35543B00282CE0 /* InfoPrimaryToolbar.swift in Sources */,
				B1A525082B3725D700171268 /* SectionTable.swift in Sources */,
				B14AC22C2B34850000282CE0 /* MakeNodeView.swift in Sources */,
				B161BC222ADB958A00AABA48 /* Store.swift in Sources */,
				B1424E5C2B2A0C5700F9A22C /* Selectable.swift in Sources */,
				B14E2E3F2B2DC71D0032AE30 /* Sidebar.swift in Sources */,
				B1424E542B29E05F00F9A22C /* Transformation.swift in Sources */,
				B1A524F62B36B21100171268 /* MakeMaterialView.swift in Sources */,
				B1F5EF1C2B074A8400805708 /* NSPoint+Extensions.swift in Sources */,
				B14E2E5B2B2EEDEF0032AE30 /* BeamGeometry.swift in Sources */,
				B12AD6412B16153400D4D315 /* GraphicController.swift in Sources */,
				B1F5EF1E2B074F6200805708 /* BeamColumn.swift in Sources */,
				B1077D692B35E47B00938518 /* InformationText.swift in Sources */,
				B14E2E432B2E95EF0032AE30 /* ModelLayer.swift in Sources */,
				B1A524F02B36A57A00171268 /* Material.swift in Sources */,
				B14AC23E2B35624100282CE0 /* LabeledScaler.swift in Sources */,
				B13AED962B2C26430028B410 /* ModelView.swift in Sources */,
				B1B8792A2ADBBB2800CCDDA7 /* Model.swift in Sources */,
				B1F5EF202B074FCD00805708 /* Truss.swift in Sources */,
				B1A65B8F2ADD36A1001A9C7B /* Logger.swift in Sources */,
				B1A525042B37212200171268 /* BeamColumnTable.swift in Sources */,
				B14E2E612B2F1F2C0032AE30 /* NodalLoadGeometry.swift in Sources */,
				B161BC242ADB958A00AABA48 /* ContentView.swift in Sources */,
			);
			runOnlyForDeploymentPostprocessing = 0;
		};
		B161BC2C2ADB958A00AABA48 /* Sources */ = {
			isa = PBXSourcesBuildPhase;
			buildActionMask = 2147483647;
			files = (
				B161BC352ADB958A00AABA48 /* as4sTests.swift in Sources */,
			);
			runOnlyForDeploymentPostprocessing = 0;
		};
		B161BC362ADB958A00AABA48 /* Sources */ = {
			isa = PBXSourcesBuildPhase;
			buildActionMask = 2147483647;
			files = (
				B161BC3F2ADB958A00AABA48 /* as4sUITests.swift in Sources */,
				B161BC412ADB958A00AABA48 /* as4sUITestsLaunchTests.swift in Sources */,
			);
			runOnlyForDeploymentPostprocessing = 0;
		};
/* End PBXSourcesBuildPhase section */

/* Begin PBXTargetDependency section */
		B161BC322ADB958A00AABA48 /* PBXTargetDependency */ = {
			isa = PBXTargetDependency;
			target = B161BC1B2ADB958A00AABA48 /* as4s */;
			targetProxy = B161BC312ADB958A00AABA48 /* PBXContainerItemProxy */;
		};
		B161BC3C2ADB958A00AABA48 /* PBXTargetDependency */ = {
			isa = PBXTargetDependency;
			target = B161BC1B2ADB958A00AABA48 /* as4s */;
			targetProxy = B161BC3B2ADB958A00AABA48 /* PBXContainerItemProxy */;
		};
/* End PBXTargetDependency section */

/* Begin XCBuildConfiguration section */
		B161BC422ADB958A00AABA48 /* Debug */ = {
			isa = XCBuildConfiguration;
			buildSettings = {
				ALWAYS_SEARCH_USER_PATHS = NO;
				ASSETCATALOG_COMPILER_GENERATE_SWIFT_ASSET_SYMBOL_EXTENSIONS = YES;
				CLANG_ANALYZER_NONNULL = YES;
				CLANG_ANALYZER_NUMBER_OBJECT_CONVERSION = YES_AGGRESSIVE;
				CLANG_CXX_LANGUAGE_STANDARD = "gnu++20";
				CLANG_ENABLE_MODULES = YES;
				CLANG_ENABLE_OBJC_ARC = YES;
				CLANG_ENABLE_OBJC_WEAK = YES;
				CLANG_WARN_BLOCK_CAPTURE_AUTORELEASING = YES;
				CLANG_WARN_BOOL_CONVERSION = YES;
				CLANG_WARN_COMMA = YES;
				CLANG_WARN_CONSTANT_CONVERSION = YES;
				CLANG_WARN_DEPRECATED_OBJC_IMPLEMENTATIONS = YES;
				CLANG_WARN_DIRECT_OBJC_ISA_USAGE = YES_ERROR;
				CLANG_WARN_DOCUMENTATION_COMMENTS = YES;
				CLANG_WARN_EMPTY_BODY = YES;
				CLANG_WARN_ENUM_CONVERSION = YES;
				CLANG_WARN_INFINITE_RECURSION = YES;
				CLANG_WARN_INT_CONVERSION = YES;
				CLANG_WARN_NON_LITERAL_NULL_CONVERSION = YES;
				CLANG_WARN_OBJC_IMPLICIT_RETAIN_SELF = YES;
				CLANG_WARN_OBJC_LITERAL_CONVERSION = YES;
				CLANG_WARN_OBJC_ROOT_CLASS = YES_ERROR;
				CLANG_WARN_QUOTED_INCLUDE_IN_FRAMEWORK_HEADER = YES;
				CLANG_WARN_RANGE_LOOP_ANALYSIS = YES;
				CLANG_WARN_STRICT_PROTOTYPES = YES;
				CLANG_WARN_SUSPICIOUS_MOVE = YES;
				CLANG_WARN_UNGUARDED_AVAILABILITY = YES_AGGRESSIVE;
				CLANG_WARN_UNREACHABLE_CODE = YES;
				CLANG_WARN__DUPLICATE_METHOD_MATCH = YES;
				COPY_PHASE_STRIP = NO;
				DEBUG_INFORMATION_FORMAT = dwarf;
				ENABLE_STRICT_OBJC_MSGSEND = YES;
				ENABLE_TESTABILITY = YES;
				ENABLE_USER_SCRIPT_SANDBOXING = YES;
				GCC_C_LANGUAGE_STANDARD = gnu17;
				GCC_DYNAMIC_NO_PIC = NO;
				GCC_NO_COMMON_BLOCKS = YES;
				GCC_OPTIMIZATION_LEVEL = 0;
				GCC_PREPROCESSOR_DEFINITIONS = (
					"DEBUG=1",
					"$(inherited)",
				);
				GCC_WARN_64_TO_32_BIT_CONVERSION = YES;
				GCC_WARN_ABOUT_RETURN_TYPE = YES_ERROR;
				GCC_WARN_UNDECLARED_SELECTOR = YES;
				GCC_WARN_UNINITIALIZED_AUTOS = YES_AGGRESSIVE;
				GCC_WARN_UNUSED_FUNCTION = YES;
				GCC_WARN_UNUSED_VARIABLE = YES;
				LOCALIZATION_PREFERS_STRING_CATALOGS = YES;
				MTL_ENABLE_DEBUG_INFO = INCLUDE_SOURCE;
				MTL_FAST_MATH = YES;
				ONLY_ACTIVE_ARCH = YES;
				SWIFT_ACTIVE_COMPILATION_CONDITIONS = "DEBUG $(inherited)";
				SWIFT_OPTIMIZATION_LEVEL = "-Onone";
			};
			name = Debug;
		};
		B161BC432ADB958A00AABA48 /* Release */ = {
			isa = XCBuildConfiguration;
			buildSettings = {
				ALWAYS_SEARCH_USER_PATHS = NO;
				ASSETCATALOG_COMPILER_GENERATE_SWIFT_ASSET_SYMBOL_EXTENSIONS = YES;
				CLANG_ANALYZER_NONNULL = YES;
				CLANG_ANALYZER_NUMBER_OBJECT_CONVERSION = YES_AGGRESSIVE;
				CLANG_CXX_LANGUAGE_STANDARD = "gnu++20";
				CLANG_ENABLE_MODULES = YES;
				CLANG_ENABLE_OBJC_ARC = YES;
				CLANG_ENABLE_OBJC_WEAK = YES;
				CLANG_WARN_BLOCK_CAPTURE_AUTORELEASING = YES;
				CLANG_WARN_BOOL_CONVERSION = YES;
				CLANG_WARN_COMMA = YES;
				CLANG_WARN_CONSTANT_CONVERSION = YES;
				CLANG_WARN_DEPRECATED_OBJC_IMPLEMENTATIONS = YES;
				CLANG_WARN_DIRECT_OBJC_ISA_USAGE = YES_ERROR;
				CLANG_WARN_DOCUMENTATION_COMMENTS = YES;
				CLANG_WARN_EMPTY_BODY = YES;
				CLANG_WARN_ENUM_CONVERSION = YES;
				CLANG_WARN_INFINITE_RECURSION = YES;
				CLANG_WARN_INT_CONVERSION = YES;
				CLANG_WARN_NON_LITERAL_NULL_CONVERSION = YES;
				CLANG_WARN_OBJC_IMPLICIT_RETAIN_SELF = YES;
				CLANG_WARN_OBJC_LITERAL_CONVERSION = YES;
				CLANG_WARN_OBJC_ROOT_CLASS = YES_ERROR;
				CLANG_WARN_QUOTED_INCLUDE_IN_FRAMEWORK_HEADER = YES;
				CLANG_WARN_RANGE_LOOP_ANALYSIS = YES;
				CLANG_WARN_STRICT_PROTOTYPES = YES;
				CLANG_WARN_SUSPICIOUS_MOVE = YES;
				CLANG_WARN_UNGUARDED_AVAILABILITY = YES_AGGRESSIVE;
				CLANG_WARN_UNREACHABLE_CODE = YES;
				CLANG_WARN__DUPLICATE_METHOD_MATCH = YES;
				COPY_PHASE_STRIP = NO;
				DEBUG_INFORMATION_FORMAT = "dwarf-with-dsym";
				ENABLE_NS_ASSERTIONS = NO;
				ENABLE_STRICT_OBJC_MSGSEND = YES;
				ENABLE_USER_SCRIPT_SANDBOXING = YES;
				GCC_C_LANGUAGE_STANDARD = gnu17;
				GCC_NO_COMMON_BLOCKS = YES;
				GCC_WARN_64_TO_32_BIT_CONVERSION = YES;
				GCC_WARN_ABOUT_RETURN_TYPE = YES_ERROR;
				GCC_WARN_UNDECLARED_SELECTOR = YES;
				GCC_WARN_UNINITIALIZED_AUTOS = YES_AGGRESSIVE;
				GCC_WARN_UNUSED_FUNCTION = YES;
				GCC_WARN_UNUSED_VARIABLE = YES;
				LOCALIZATION_PREFERS_STRING_CATALOGS = YES;
				MTL_ENABLE_DEBUG_INFO = NO;
				MTL_FAST_MATH = YES;
				SWIFT_COMPILATION_MODE = wholemodule;
			};
			name = Release;
		};
		B161BC452ADB958A00AABA48 /* Debug */ = {
			isa = XCBuildConfiguration;
			buildSettings = {
				ASSETCATALOG_COMPILER_APPICON_NAME = AppIcon;
				ASSETCATALOG_COMPILER_GLOBAL_ACCENT_COLOR_NAME = AccentColor;
				CODE_SIGN_ENTITLEMENTS = as4s/as4s.entitlements;
				CODE_SIGN_STYLE = Automatic;
				CURRENT_PROJECT_VERSION = 1;
				DEVELOPMENT_ASSET_PATHS = "\"as4s/Preview Content\"";
				DEVELOPMENT_TEAM = LL8ZJMX4Z8;
				ENABLE_HARDENED_RUNTIME = YES;
				ENABLE_PREVIEWS = YES;
				GENERATE_INFOPLIST_FILE = YES;
				INFOPLIST_FILE = as4s/Info.plist;
				"INFOPLIST_KEY_UIApplicationSceneManifest_Generation[sdk=iphoneos*]" = YES;
				"INFOPLIST_KEY_UIApplicationSceneManifest_Generation[sdk=iphonesimulator*]" = YES;
				"INFOPLIST_KEY_UIApplicationSupportsIndirectInputEvents[sdk=iphoneos*]" = YES;
				"INFOPLIST_KEY_UIApplicationSupportsIndirectInputEvents[sdk=iphonesimulator*]" = YES;
				"INFOPLIST_KEY_UILaunchScreen_Generation[sdk=iphoneos*]" = YES;
				"INFOPLIST_KEY_UILaunchScreen_Generation[sdk=iphonesimulator*]" = YES;
				"INFOPLIST_KEY_UIStatusBarStyle[sdk=iphoneos*]" = UIStatusBarStyleDefault;
				"INFOPLIST_KEY_UIStatusBarStyle[sdk=iphonesimulator*]" = UIStatusBarStyleDefault;
				INFOPLIST_KEY_UISupportedInterfaceOrientations_iPad = "UIInterfaceOrientationPortrait UIInterfaceOrientationPortraitUpsideDown UIInterfaceOrientationLandscapeLeft UIInterfaceOrientationLandscapeRight";
				INFOPLIST_KEY_UISupportedInterfaceOrientations_iPhone = "UIInterfaceOrientationPortrait UIInterfaceOrientationLandscapeLeft UIInterfaceOrientationLandscapeRight";
				"INFOPLIST_KEY_UISupportsDocumentBrowser[sdk=iphoneos*]" = YES;
				"INFOPLIST_KEY_UISupportsDocumentBrowser[sdk=iphonesimulator*]" = YES;
				IPHONEOS_DEPLOYMENT_TARGET = 17.0;
				LD_RUNPATH_SEARCH_PATHS = "@executable_path/Frameworks";
				"LD_RUNPATH_SEARCH_PATHS[sdk=macosx*]" = "@executable_path/../Frameworks";
				MACOSX_DEPLOYMENT_TARGET = 14.0;
				MARKETING_VERSION = 1.0;
				PRODUCT_BUNDLE_IDENTIFIER = rfst.jp.as4s;
				PRODUCT_NAME = "$(TARGET_NAME)";
				SDKROOT = auto;
				SUPPORTED_PLATFORMS = "iphoneos iphonesimulator macosx";
				SWIFT_EMIT_LOC_STRINGS = YES;
				SWIFT_VERSION = 5.0;
				TARGETED_DEVICE_FAMILY = "1,2";
			};
			name = Debug;
		};
		B161BC462ADB958A00AABA48 /* Release */ = {
			isa = XCBuildConfiguration;
			buildSettings = {
				ASSETCATALOG_COMPILER_APPICON_NAME = AppIcon;
				ASSETCATALOG_COMPILER_GLOBAL_ACCENT_COLOR_NAME = AccentColor;
				CODE_SIGN_ENTITLEMENTS = as4s/as4s.entitlements;
				CODE_SIGN_STYLE = Automatic;
				CURRENT_PROJECT_VERSION = 1;
				DEVELOPMENT_ASSET_PATHS = "\"as4s/Preview Content\"";
				DEVELOPMENT_TEAM = LL8ZJMX4Z8;
				ENABLE_HARDENED_RUNTIME = YES;
				ENABLE_PREVIEWS = YES;
				GENERATE_INFOPLIST_FILE = YES;
				INFOPLIST_FILE = as4s/Info.plist;
				"INFOPLIST_KEY_UIApplicationSceneManifest_Generation[sdk=iphoneos*]" = YES;
				"INFOPLIST_KEY_UIApplicationSceneManifest_Generation[sdk=iphonesimulator*]" = YES;
				"INFOPLIST_KEY_UIApplicationSupportsIndirectInputEvents[sdk=iphoneos*]" = YES;
				"INFOPLIST_KEY_UIApplicationSupportsIndirectInputEvents[sdk=iphonesimulator*]" = YES;
				"INFOPLIST_KEY_UILaunchScreen_Generation[sdk=iphoneos*]" = YES;
				"INFOPLIST_KEY_UILaunchScreen_Generation[sdk=iphonesimulator*]" = YES;
				"INFOPLIST_KEY_UIStatusBarStyle[sdk=iphoneos*]" = UIStatusBarStyleDefault;
				"INFOPLIST_KEY_UIStatusBarStyle[sdk=iphonesimulator*]" = UIStatusBarStyleDefault;
				INFOPLIST_KEY_UISupportedInterfaceOrientations_iPad = "UIInterfaceOrientationPortrait UIInterfaceOrientationPortraitUpsideDown UIInterfaceOrientationLandscapeLeft UIInterfaceOrientationLandscapeRight";
				INFOPLIST_KEY_UISupportedInterfaceOrientations_iPhone = "UIInterfaceOrientationPortrait UIInterfaceOrientationLandscapeLeft UIInterfaceOrientationLandscapeRight";
				"INFOPLIST_KEY_UISupportsDocumentBrowser[sdk=iphoneos*]" = YES;
				"INFOPLIST_KEY_UISupportsDocumentBrowser[sdk=iphonesimulator*]" = YES;
				IPHONEOS_DEPLOYMENT_TARGET = 17.0;
				LD_RUNPATH_SEARCH_PATHS = "@executable_path/Frameworks";
				"LD_RUNPATH_SEARCH_PATHS[sdk=macosx*]" = "@executable_path/../Frameworks";
				MACOSX_DEPLOYMENT_TARGET = 14.0;
				MARKETING_VERSION = 1.0;
				PRODUCT_BUNDLE_IDENTIFIER = rfst.jp.as4s;
				PRODUCT_NAME = "$(TARGET_NAME)";
				SDKROOT = auto;
				SUPPORTED_PLATFORMS = "iphoneos iphonesimulator macosx";
				SWIFT_EMIT_LOC_STRINGS = YES;
				SWIFT_VERSION = 5.0;
				TARGETED_DEVICE_FAMILY = "1,2";
			};
			name = Release;
		};
		B161BC482ADB958A00AABA48 /* Debug */ = {
			isa = XCBuildConfiguration;
			buildSettings = {
				ALWAYS_EMBED_SWIFT_STANDARD_LIBRARIES = YES;
				BUNDLE_LOADER = "$(TEST_HOST)";
				CODE_SIGN_STYLE = Automatic;
				CURRENT_PROJECT_VERSION = 1;
				DEVELOPMENT_TEAM = LL8ZJMX4Z8;
				GENERATE_INFOPLIST_FILE = YES;
				IPHONEOS_DEPLOYMENT_TARGET = 17.0;
				MACOSX_DEPLOYMENT_TARGET = 14.0;
				MARKETING_VERSION = 1.0;
				PRODUCT_BUNDLE_IDENTIFIER = rfst.jp.as4sTests;
				PRODUCT_NAME = "$(TARGET_NAME)";
				SDKROOT = auto;
				SUPPORTED_PLATFORMS = "iphoneos iphonesimulator macosx";
				SWIFT_EMIT_LOC_STRINGS = NO;
				SWIFT_VERSION = 5.0;
				TARGETED_DEVICE_FAMILY = "1,2";
				TEST_HOST = "$(BUILT_PRODUCTS_DIR)/as4s.app/$(BUNDLE_EXECUTABLE_FOLDER_PATH)/as4s";
			};
			name = Debug;
		};
		B161BC492ADB958A00AABA48 /* Release */ = {
			isa = XCBuildConfiguration;
			buildSettings = {
				ALWAYS_EMBED_SWIFT_STANDARD_LIBRARIES = YES;
				BUNDLE_LOADER = "$(TEST_HOST)";
				CODE_SIGN_STYLE = Automatic;
				CURRENT_PROJECT_VERSION = 1;
				DEVELOPMENT_TEAM = LL8ZJMX4Z8;
				GENERATE_INFOPLIST_FILE = YES;
				IPHONEOS_DEPLOYMENT_TARGET = 17.0;
				MACOSX_DEPLOYMENT_TARGET = 14.0;
				MARKETING_VERSION = 1.0;
				PRODUCT_BUNDLE_IDENTIFIER = rfst.jp.as4sTests;
				PRODUCT_NAME = "$(TARGET_NAME)";
				SDKROOT = auto;
				SUPPORTED_PLATFORMS = "iphoneos iphonesimulator macosx";
				SWIFT_EMIT_LOC_STRINGS = NO;
				SWIFT_VERSION = 5.0;
				TARGETED_DEVICE_FAMILY = "1,2";
				TEST_HOST = "$(BUILT_PRODUCTS_DIR)/as4s.app/$(BUNDLE_EXECUTABLE_FOLDER_PATH)/as4s";
			};
			name = Release;
		};
		B161BC4B2ADB958A00AABA48 /* Debug */ = {
			isa = XCBuildConfiguration;
			buildSettings = {
				ALWAYS_EMBED_SWIFT_STANDARD_LIBRARIES = YES;
				CODE_SIGN_STYLE = Automatic;
				CURRENT_PROJECT_VERSION = 1;
				DEVELOPMENT_TEAM = LL8ZJMX4Z8;
				GENERATE_INFOPLIST_FILE = YES;
				IPHONEOS_DEPLOYMENT_TARGET = 17.0;
				MACOSX_DEPLOYMENT_TARGET = 14.0;
				MARKETING_VERSION = 1.0;
				PRODUCT_BUNDLE_IDENTIFIER = rfst.jp.as4sUITests;
				PRODUCT_NAME = "$(TARGET_NAME)";
				SDKROOT = auto;
				SUPPORTED_PLATFORMS = "iphoneos iphonesimulator macosx";
				SWIFT_EMIT_LOC_STRINGS = NO;
				SWIFT_VERSION = 5.0;
				TARGETED_DEVICE_FAMILY = "1,2";
				TEST_TARGET_NAME = as4s;
			};
			name = Debug;
		};
		B161BC4C2ADB958A00AABA48 /* Release */ = {
			isa = XCBuildConfiguration;
			buildSettings = {
				ALWAYS_EMBED_SWIFT_STANDARD_LIBRARIES = YES;
				CODE_SIGN_STYLE = Automatic;
				CURRENT_PROJECT_VERSION = 1;
				DEVELOPMENT_TEAM = LL8ZJMX4Z8;
				GENERATE_INFOPLIST_FILE = YES;
				IPHONEOS_DEPLOYMENT_TARGET = 17.0;
				MACOSX_DEPLOYMENT_TARGET = 14.0;
				MARKETING_VERSION = 1.0;
				PRODUCT_BUNDLE_IDENTIFIER = rfst.jp.as4sUITests;
				PRODUCT_NAME = "$(TARGET_NAME)";
				SDKROOT = auto;
				SUPPORTED_PLATFORMS = "iphoneos iphonesimulator macosx";
				SWIFT_EMIT_LOC_STRINGS = NO;
				SWIFT_VERSION = 5.0;
				TARGETED_DEVICE_FAMILY = "1,2";
				TEST_TARGET_NAME = as4s;
			};
			name = Release;
		};
/* End XCBuildConfiguration section */

/* Begin XCConfigurationList section */
		B161BC172ADB958900AABA48 /* Build configuration list for PBXProject "as4s" */ = {
			isa = XCConfigurationList;
			buildConfigurations = (
				B161BC422ADB958A00AABA48 /* Debug */,
				B161BC432ADB958A00AABA48 /* Release */,
			);
			defaultConfigurationIsVisible = 0;
			defaultConfigurationName = Release;
		};
		B161BC442ADB958A00AABA48 /* Build configuration list for PBXNativeTarget "as4s" */ = {
			isa = XCConfigurationList;
			buildConfigurations = (
				B161BC452ADB958A00AABA48 /* Debug */,
				B161BC462ADB958A00AABA48 /* Release */,
			);
			defaultConfigurationIsVisible = 0;
			defaultConfigurationName = Release;
		};
		B161BC472ADB958A00AABA48 /* Build configuration list for PBXNativeTarget "as4sTests" */ = {
			isa = XCConfigurationList;
			buildConfigurations = (
				B161BC482ADB958A00AABA48 /* Debug */,
				B161BC492ADB958A00AABA48 /* Release */,
			);
			defaultConfigurationIsVisible = 0;
			defaultConfigurationName = Release;
		};
		B161BC4A2ADB958A00AABA48 /* Build configuration list for PBXNativeTarget "as4sUITests" */ = {
			isa = XCConfigurationList;
			buildConfigurations = (
				B161BC4B2ADB958A00AABA48 /* Debug */,
				B161BC4C2ADB958A00AABA48 /* Release */,
			);
			defaultConfigurationIsVisible = 0;
			defaultConfigurationName = Release;
		};
/* End XCConfigurationList section */

/* Begin XCLocalSwiftPackageReference section */
		B1424E4C2B29CF1600F9A22C /* XCLocalSwiftPackageReference "../OpenSeesCoder" */ = {
			isa = XCLocalSwiftPackageReference;
			relativePath = ../OpenSeesCoder;
		};
		B1D0265F2AE0E55F00DF77E0 /* XCLocalSwiftPackageReference "../Mevic/Mevic" */ = {
			isa = XCLocalSwiftPackageReference;
			relativePath = ../Mevic/Mevic;
		};
/* End XCLocalSwiftPackageReference section */

/* Begin XCRemoteSwiftPackageReference section */
		B14AC22F2B353A3A00282CE0 /* XCRemoteSwiftPackageReference "SplitView" */ = {
			isa = XCRemoteSwiftPackageReference;
			repositoryURL = "https://github.com/stevengharris/SplitView";
			requirement = {
				kind = upToNextMajorVersion;
				minimumVersion = 3.5.0;
			};
		};
/* End XCRemoteSwiftPackageReference section */

/* Begin XCSwiftPackageProductDependency section */
		B1424E4D2B29CF1600F9A22C /* OpenSeesCoder */ = {
			isa = XCSwiftPackageProductDependency;
			productName = OpenSeesCoder;
		};
		B14AC2302B353A3A00282CE0 /* SplitView */ = {
			isa = XCSwiftPackageProductDependency;
			package = B14AC22F2B353A3A00282CE0 /* XCRemoteSwiftPackageReference "SplitView" */;
			productName = SplitView;
		};
		B17FE6502ADE82E5009A9134 /* Mevic */ = {
			isa = XCSwiftPackageProductDependency;
			productName = Mevic;
		};
/* End XCSwiftPackageProductDependency section */
	};
	rootObject = B161BC142ADB958900AABA48 /* Project object */;
}
